// !$*UTF8*$!
{
	archiveVersion = 1;
	classes = {
	};
	objectVersion = 55;
	objects = {

/* Begin PBXBuildFile section */
		7C0638F32876215100621093 /* FontManager.cpp in Sources */ = {isa = PBXBuildFile; fileRef = 7C0638F12876215100621093 /* FontManager.cpp */; };
		7C0638F42876233200621093 /* main.cpp in Sources */ = {isa = PBXBuildFile; fileRef = 7CE9B5E92874EA4000659D24 /* main.cpp */; };
		7C0638FB2876C01900621093 /* Label.cpp in Sources */ = {isa = PBXBuildFile; fileRef = 7C0638F92876C01900621093 /* Label.cpp */; };
		7C239612287E13C100973CC0 /* Time.cpp in Sources */ = {isa = PBXBuildFile; fileRef = 7C239610287E13C100973CC0 /* Time.cpp */; };
		7C23962E287E143700973CC0 /* encoding_utf.c in Sources */ = {isa = PBXBuildFile; fileRef = 7C239628287E143600973CC0 /* encoding_utf.c */; };
		7C23962F287E143700973CC0 /* compat_strl.c in Sources */ = {isa = PBXBuildFile; fileRef = 7C23962A287E143600973CC0 /* compat_strl.c */; };
		7C239630287E143700973CC0 /* features_cpu.c in Sources */ = {isa = PBXBuildFile; fileRef = 7C23962C287E143600973CC0 /* features_cpu.c */; };
		7C239633287E148700973CC0 /* NXFloat.cpp in Sources */ = {isa = PBXBuildFile; fileRef = 7C239631287E148700973CC0 /* NXFloat.cpp */; };
		7C239639287E177900973CC0 /* NXPoint.cpp in Sources */ = {isa = PBXBuildFile; fileRef = 7C239637287E177900973CC0 /* NXPoint.cpp */; };
		7C23963D287E2BCC00973CC0 /* NXRect.cpp in Sources */ = {isa = PBXBuildFile; fileRef = 7C23963B287E2BCC00973CC0 /* NXRect.cpp */; };
		7C44163C28777D9B0076663D /* UIResponder.cpp in Sources */ = {isa = PBXBuildFile; fileRef = 7C44163A28777D9B0076663D /* UIResponder.cpp */; };
		7C53FE4A28788AA20091DEF9 /* UITouch.cpp in Sources */ = {isa = PBXBuildFile; fileRef = 7C53FE4828788AA20091DEF9 /* UITouch.cpp */; };
		7C53FE4E28788D8E0091DEF9 /* UIGestureRecognizer.cpp in Sources */ = {isa = PBXBuildFile; fileRef = 7C53FE4C28788D8E0091DEF9 /* UIGestureRecognizer.cpp */; };
		7C53FE522878EA220091DEF9 /* UIEvent.cpp in Sources */ = {isa = PBXBuildFile; fileRef = 7C53FE502878EA220091DEF9 /* UIEvent.cpp */; };
		7C53FE562878ED350091DEF9 /* UIViewController.cpp in Sources */ = {isa = PBXBuildFile; fileRef = 7C53FE542878ED350091DEF9 /* UIViewController.cpp */; };
		7C53FE5B2878F4E60091DEF9 /* UIWindow.cpp in Sources */ = {isa = PBXBuildFile; fileRef = 7C53FE592878F4E60091DEF9 /* UIWindow.cpp */; };
		7C78EBDE2873748B0082D3AC /* UIBlurView.cpp in Sources */ = {isa = PBXBuildFile; fileRef = 7C78EBCE2873748B0082D3AC /* UIBlurView.cpp */; };
		7C78EBDF2873748B0082D3AC /* UIColor.cpp in Sources */ = {isa = PBXBuildFile; fileRef = 7C78EBD12873748B0082D3AC /* UIColor.cpp */; };
		7C78EBE02873748B0082D3AC /* UIView.cpp in Sources */ = {isa = PBXBuildFile; fileRef = 7C78EBD32873748B0082D3AC /* UIView.cpp */; };
		7C78EBE12873748B0082D3AC /* UILabel.cpp in Sources */ = {isa = PBXBuildFile; fileRef = 7C78EBD82873748B0082D3AC /* UILabel.cpp */; };
		7C78EBE22873748B0082D3AC /* GaussianBlur.cpp in Sources */ = {isa = PBXBuildFile; fileRef = 7C78EBDD2873748B0082D3AC /* GaussianBlur.cpp */; };
		7C78EBE8287386070082D3AC /* OpenGL.framework in Frameworks */ = {isa = PBXBuildFile; fileRef = 7C78EBE7287386070082D3AC /* OpenGL.framework */; };
		7C888E37287F7726009A6B95 /* NXSize.cpp in Sources */ = {isa = PBXBuildFile; fileRef = 7C888E35287F7726009A6B95 /* NXSize.cpp */; };
		7C888E4328816547009A6B95 /* UINavigationController.cpp in Sources */ = {isa = PBXBuildFile; fileRef = 7C888E4128816547009A6B95 /* UINavigationController.cpp */; };
		7C888E47288165E9009A6B95 /* ViewController.cpp in Sources */ = {isa = PBXBuildFile; fileRef = 7C888E45288165E9009A6B95 /* ViewController.cpp */; };
		7C888E4B28818212009A6B95 /* UITabBarController.cpp in Sources */ = {isa = PBXBuildFile; fileRef = 7C888E4928818212009A6B95 /* UITabBarController.cpp */; };
		7CA389722882F8C6005C7A91 /* ios_main.mm in Sources */ = {isa = PBXBuildFile; fileRef = 7CA9C4AD2882CE7500E47DB3 /* ios_main.mm */; };
		7CA3897728835B5F005C7A91 /* nx_application.cpp in Sources */ = {isa = PBXBuildFile; fileRef = 7CA3897428835AB8005C7A91 /* nx_application.cpp */; };
		7CA3897828835C0A005C7A91 /* UIWindow.cpp in Sources */ = {isa = PBXBuildFile; fileRef = 7C53FE592878F4E60091DEF9 /* UIWindow.cpp */; };
		7CA3898628836343005C7A91 /* Fonts in Resources */ = {isa = PBXBuildFile; fileRef = 7CA3898528836343005C7A91 /* Fonts */; };
		7CA960792871F8BF009E0953 /* glfw_video.cpp in Sources */ = {isa = PBXBuildFile; fileRef = 7CA960762871F8BF009E0953 /* glfw_video.cpp */; };
		7CA960B12871F993009E0953 /* nanovg.c in Sources */ = {isa = PBXBuildFile; fileRef = 7CA960882871F993009E0953 /* nanovg.c */; };
		7CA960B22871F993009E0953 /* glad.c in Sources */ = {isa = PBXBuildFile; fileRef = 7CA9608A2871F993009E0953 /* glad.c */; };
		7CA960C12871FAC6009E0953 /* Application.cpp in Sources */ = {isa = PBXBuildFile; fileRef = 7CA960BF2871FAC6009E0953 /* Application.cpp */; };
		7CA9C46B2882ADD600E47DB3 /* AppDelegate.m in Sources */ = {isa = PBXBuildFile; fileRef = 7CA9C46A2882ADD600E47DB3 /* AppDelegate.m */; };
		7CA9C46E2882ADD600E47DB3 /* SceneDelegate.m in Sources */ = {isa = PBXBuildFile; fileRef = 7CA9C46D2882ADD600E47DB3 /* SceneDelegate.m */; };
		7CA9C4712882ADD600E47DB3 /* GLViewController.m in Sources */ = {isa = PBXBuildFile; fileRef = 7CA9C4702882ADD600E47DB3 /* GLViewController.m */; };
		7CA9C4742882ADD600E47DB3 /* Main.storyboard in Resources */ = {isa = PBXBuildFile; fileRef = 7CA9C4722882ADD600E47DB3 /* Main.storyboard */; };
		7CA9C4762882ADD700E47DB3 /* Assets.xcassets in Resources */ = {isa = PBXBuildFile; fileRef = 7CA9C4752882ADD700E47DB3 /* Assets.xcassets */; };
		7CA9C4792882ADD700E47DB3 /* LaunchScreen.storyboard in Resources */ = {isa = PBXBuildFile; fileRef = 7CA9C4772882ADD700E47DB3 /* LaunchScreen.storyboard */; };
		7CA9C47C2882ADD700E47DB3 /* main.m in Sources */ = {isa = PBXBuildFile; fileRef = 7CA9C47B2882ADD700E47DB3 /* main.m */; };
		7CA9C4822882C3F700E47DB3 /* Application.cpp in Sources */ = {isa = PBXBuildFile; fileRef = 7CA960BF2871FAC6009E0953 /* Application.cpp */; };
		7CA9C4842882C40500E47DB3 /* UIView.cpp in Sources */ = {isa = PBXBuildFile; fileRef = 7C78EBD32873748B0082D3AC /* UIView.cpp */; };
		7CA9C4852882C41000E47DB3 /* UIBlurView.cpp in Sources */ = {isa = PBXBuildFile; fileRef = 7C78EBCE2873748B0082D3AC /* UIBlurView.cpp */; };
		7CA9C4862882C43100E47DB3 /* FontManager.cpp in Sources */ = {isa = PBXBuildFile; fileRef = 7C0638F12876215100621093 /* FontManager.cpp */; };
		7CA9C4872882C43100E47DB3 /* UILabel.cpp in Sources */ = {isa = PBXBuildFile; fileRef = 7C78EBD82873748B0082D3AC /* UILabel.cpp */; };
		7CA9C4882882C43100E47DB3 /* UIViewController.cpp in Sources */ = {isa = PBXBuildFile; fileRef = 7C53FE542878ED350091DEF9 /* UIViewController.cpp */; };
		7CA9C4892882C43100E47DB3 /* UITabBarController.cpp in Sources */ = {isa = PBXBuildFile; fileRef = 7C888E4928818212009A6B95 /* UITabBarController.cpp */; };
		7CA9C48A2882C43100E47DB3 /* UIStackView.cpp in Sources */ = {isa = PBXBuildFile; fileRef = 7CE9B5E6287495F900659D24 /* UIStackView.cpp */; };
		7CA9C48B2882C43100E47DB3 /* UIGestureRecognizer.cpp in Sources */ = {isa = PBXBuildFile; fileRef = 7C53FE4C28788D8E0091DEF9 /* UIGestureRecognizer.cpp */; };
		7CA9C48C2882C43100E47DB3 /* UIResponder.cpp in Sources */ = {isa = PBXBuildFile; fileRef = 7C44163A28777D9B0076663D /* UIResponder.cpp */; };
		7CA9C48D2882C43100E47DB3 /* UITouch.cpp in Sources */ = {isa = PBXBuildFile; fileRef = 7C53FE4828788AA20091DEF9 /* UITouch.cpp */; };
		7CA9C48E2882C43100E47DB3 /* Time.cpp in Sources */ = {isa = PBXBuildFile; fileRef = 7C239610287E13C100973CC0 /* Time.cpp */; };
		7CA9C48F2882C43100E47DB3 /* GaussianBlur.cpp in Sources */ = {isa = PBXBuildFile; fileRef = 7C78EBDD2873748B0082D3AC /* GaussianBlur.cpp */; };
		7CA9C4902882C43100E47DB3 /* UIEvent.cpp in Sources */ = {isa = PBXBuildFile; fileRef = 7C53FE502878EA220091DEF9 /* UIEvent.cpp */; };
		7CA9C4912882C43100E47DB3 /* NXFloat.cpp in Sources */ = {isa = PBXBuildFile; fileRef = 7C239631287E148700973CC0 /* NXFloat.cpp */; };
		7CA9C4922882C43100E47DB3 /* NXPoint.cpp in Sources */ = {isa = PBXBuildFile; fileRef = 7C239637287E177900973CC0 /* NXPoint.cpp */; };
		7CA9C4932882C43100E47DB3 /* NXSize.cpp in Sources */ = {isa = PBXBuildFile; fileRef = 7C888E35287F7726009A6B95 /* NXSize.cpp */; };
		7CA9C4942882C43100E47DB3 /* UIColor.cpp in Sources */ = {isa = PBXBuildFile; fileRef = 7C78EBD12873748B0082D3AC /* UIColor.cpp */; };
		7CA9C4952882C43100E47DB3 /* UINavigationController.cpp in Sources */ = {isa = PBXBuildFile; fileRef = 7C888E4128816547009A6B95 /* UINavigationController.cpp */; };
		7CA9C4962882C43100E47DB3 /* NXRect.cpp in Sources */ = {isa = PBXBuildFile; fileRef = 7C23963B287E2BCC00973CC0 /* NXRect.cpp */; };
		7CA9C4982882C83800E47DB3 /* compat_strl.c in Sources */ = {isa = PBXBuildFile; fileRef = 7C23962A287E143600973CC0 /* compat_strl.c */; };
		7CA9C4992882C83800E47DB3 /* encoding_utf.c in Sources */ = {isa = PBXBuildFile; fileRef = 7C239628287E143600973CC0 /* encoding_utf.c */; };
		7CA9C49A2882C83800E47DB3 /* features_cpu.c in Sources */ = {isa = PBXBuildFile; fileRef = 7C23962C287E143600973CC0 /* features_cpu.c */; };
		7CA9C49B2882C83F00E47DB3 /* Utils.cpp in Sources */ = {isa = PBXBuildFile; fileRef = 7CE9B4D52874917F00659D24 /* Utils.cpp */; };
		7CA9C49C2882C83F00E47DB3 /* YGConfig.cpp in Sources */ = {isa = PBXBuildFile; fileRef = 7CE9B4E92874917F00659D24 /* YGConfig.cpp */; };
		7CA9C49D2882C83F00E47DB3 /* YGLayout.cpp in Sources */ = {isa = PBXBuildFile; fileRef = 7CE9B4D82874917F00659D24 /* YGLayout.cpp */; };
		7CA9C49E2882C83F00E47DB3 /* log.cpp in Sources */ = {isa = PBXBuildFile; fileRef = 7CE9B4D42874917F00659D24 /* log.cpp */; };
		7CA9C49F2882C83F00E47DB3 /* YGStyle.cpp in Sources */ = {isa = PBXBuildFile; fileRef = 7CE9B4DC2874917F00659D24 /* YGStyle.cpp */; };
		7CA9C4A02882C83F00E47DB3 /* YGValue.cpp in Sources */ = {isa = PBXBuildFile; fileRef = 7CE9B4E62874917F00659D24 /* YGValue.cpp */; };
		7CA9C4A12882C83F00E47DB3 /* YGNodePrint.cpp in Sources */ = {isa = PBXBuildFile; fileRef = 7CE9B4E22874917F00659D24 /* YGNodePrint.cpp */; };
		7CA9C4A22882C83F00E47DB3 /* YGEnums.cpp in Sources */ = {isa = PBXBuildFile; fileRef = 7CE9B4E42874917F00659D24 /* YGEnums.cpp */; };
		7CA9C4A32882C83F00E47DB3 /* YGNode.cpp in Sources */ = {isa = PBXBuildFile; fileRef = 7CE9B4EA2874917F00659D24 /* YGNode.cpp */; };
		7CA9C4A42882C83F00E47DB3 /* Yoga.cpp in Sources */ = {isa = PBXBuildFile; fileRef = 7CE9B4DB2874917F00659D24 /* Yoga.cpp */; };
		7CA9C4A52882C84400E47DB3 /* experiments.cpp in Sources */ = {isa = PBXBuildFile; fileRef = 7CE9B4DF2874917F00659D24 /* experiments.cpp */; };
		7CA9C4A62882C84400E47DB3 /* event.cpp in Sources */ = {isa = PBXBuildFile; fileRef = 7CE9B4EE2874917F00659D24 /* event.cpp */; };
		7CA9C4A72882C84800E47DB3 /* nanovg.c in Sources */ = {isa = PBXBuildFile; fileRef = 7CA960882871F993009E0953 /* nanovg.c */; };
		7CA9C4A82882C84E00E47DB3 /* glad.c in Sources */ = {isa = PBXBuildFile; fileRef = 7CA9608A2871F993009E0953 /* glad.c */; };
		7CA9C4B62882D31900E47DB3 /* ios_video.cpp in Sources */ = {isa = PBXBuildFile; fileRef = 7CA9C4A92882CA4800E47DB3 /* ios_video.cpp */; };
		7CE9B5D92874917F00659D24 /* log.cpp in Sources */ = {isa = PBXBuildFile; fileRef = 7CE9B4D42874917F00659D24 /* log.cpp */; };
		7CE9B5DA2874917F00659D24 /* Utils.cpp in Sources */ = {isa = PBXBuildFile; fileRef = 7CE9B4D52874917F00659D24 /* Utils.cpp */; };
		7CE9B5DB2874917F00659D24 /* YGLayout.cpp in Sources */ = {isa = PBXBuildFile; fileRef = 7CE9B4D82874917F00659D24 /* YGLayout.cpp */; };
		7CE9B5DC2874917F00659D24 /* Yoga.cpp in Sources */ = {isa = PBXBuildFile; fileRef = 7CE9B4DB2874917F00659D24 /* Yoga.cpp */; };
		7CE9B5DD2874917F00659D24 /* YGStyle.cpp in Sources */ = {isa = PBXBuildFile; fileRef = 7CE9B4DC2874917F00659D24 /* YGStyle.cpp */; };
		7CE9B5DE2874917F00659D24 /* experiments.cpp in Sources */ = {isa = PBXBuildFile; fileRef = 7CE9B4DF2874917F00659D24 /* experiments.cpp */; };
		7CE9B5DF2874917F00659D24 /* YGNodePrint.cpp in Sources */ = {isa = PBXBuildFile; fileRef = 7CE9B4E22874917F00659D24 /* YGNodePrint.cpp */; };
		7CE9B5E02874917F00659D24 /* YGEnums.cpp in Sources */ = {isa = PBXBuildFile; fileRef = 7CE9B4E42874917F00659D24 /* YGEnums.cpp */; };
		7CE9B5E12874917F00659D24 /* YGValue.cpp in Sources */ = {isa = PBXBuildFile; fileRef = 7CE9B4E62874917F00659D24 /* YGValue.cpp */; };
		7CE9B5E22874917F00659D24 /* YGConfig.cpp in Sources */ = {isa = PBXBuildFile; fileRef = 7CE9B4E92874917F00659D24 /* YGConfig.cpp */; };
		7CE9B5E32874917F00659D24 /* YGNode.cpp in Sources */ = {isa = PBXBuildFile; fileRef = 7CE9B4EA2874917F00659D24 /* YGNode.cpp */; };
		7CE9B5E42874917F00659D24 /* event.cpp in Sources */ = {isa = PBXBuildFile; fileRef = 7CE9B4EE2874917F00659D24 /* event.cpp */; };
		7CE9B5E8287495F900659D24 /* UIStackView.cpp in Sources */ = {isa = PBXBuildFile; fileRef = 7CE9B5E6287495F900659D24 /* UIStackView.cpp */; };
/* End PBXBuildFile section */

/* Begin PBXCopyFilesBuildPhase section */
		7CA960672871F7A2009E0953 /* CopyFiles */ = {
			isa = PBXCopyFilesBuildPhase;
			buildActionMask = 2147483647;
			dstPath = /usr/share/man/man1/;
			dstSubfolderSpec = 0;
			files = (
			);
			runOnlyForDeploymentPostprocessing = 1;
		};
/* End PBXCopyFilesBuildPhase section */

/* Begin PBXFileReference section */
		7C0638F12876215100621093 /* FontManager.cpp */ = {isa = PBXFileReference; lastKnownFileType = sourcecode.cpp.cpp; path = FontManager.cpp; sourceTree = "<group>"; };
		7C0638F22876215100621093 /* FontManager.hpp */ = {isa = PBXFileReference; lastKnownFileType = sourcecode.cpp.h; path = FontManager.hpp; sourceTree = "<group>"; };
		7C0638F92876C01900621093 /* Label.cpp */ = {isa = PBXFileReference; lastKnownFileType = sourcecode.cpp.cpp; path = Label.cpp; sourceTree = "<group>"; };
		7C0638FA2876C01900621093 /* Label.hpp */ = {isa = PBXFileReference; lastKnownFileType = sourcecode.cpp.h; path = Label.hpp; sourceTree = "<group>"; };
		7C23960E287E138500973CC0 /* CGGeometry.hpp */ = {isa = PBXFileReference; lastKnownFileType = sourcecode.cpp.h; path = CGGeometry.hpp; sourceTree = "<group>"; };
		7C239610287E13C100973CC0 /* Time.cpp */ = {isa = PBXFileReference; lastKnownFileType = sourcecode.cpp.cpp; path = Time.cpp; sourceTree = "<group>"; };
		7C239611287E13C100973CC0 /* Time.hpp */ = {isa = PBXFileReference; lastKnownFileType = sourcecode.cpp.h; path = Time.hpp; sourceTree = "<group>"; };
		7C239615287E142F00973CC0 /* utf.h */ = {isa = PBXFileReference; fileEncoding = 4; lastKnownFileType = sourcecode.c.h; path = utf.h; sourceTree = "<group>"; };
		7C239617287E142F00973CC0 /* strl.h */ = {isa = PBXFileReference; fileEncoding = 4; lastKnownFileType = sourcecode.c.h; path = strl.h; sourceTree = "<group>"; };
		7C239618287E142F00973CC0 /* retro_common_api.h */ = {isa = PBXFileReference; fileEncoding = 4; lastKnownFileType = sourcecode.c.h; path = retro_common_api.h; sourceTree = "<group>"; };
		7C239619287E142F00973CC0 /* retro_timers.h */ = {isa = PBXFileReference; fileEncoding = 4; lastKnownFileType = sourcecode.c.h; path = retro_timers.h; sourceTree = "<group>"; };
		7C23961A287E142F00973CC0 /* retro_inline.h */ = {isa = PBXFileReference; fileEncoding = 4; lastKnownFileType = sourcecode.c.h; path = retro_inline.h; sourceTree = "<group>"; };
		7C23961B287E142F00973CC0 /* retro_math.h */ = {isa = PBXFileReference; fileEncoding = 4; lastKnownFileType = sourcecode.c.h; path = retro_math.h; sourceTree = "<group>"; };
		7C23961D287E142F00973CC0 /* file_stream.h */ = {isa = PBXFileReference; fileEncoding = 4; lastKnownFileType = sourcecode.c.h; path = file_stream.h; sourceTree = "<group>"; };
		7C23961F287E142F00973CC0 /* features_cpu.h */ = {isa = PBXFileReference; fileEncoding = 4; lastKnownFileType = sourcecode.c.h; path = features_cpu.h; sourceTree = "<group>"; };
		7C239620287E142F00973CC0 /* retro_miscellaneous.h */ = {isa = PBXFileReference; fileEncoding = 4; lastKnownFileType = sourcecode.c.h; path = retro_miscellaneous.h; sourceTree = "<group>"; };
		7C239621287E142F00973CC0 /* boolean.h */ = {isa = PBXFileReference; fileEncoding = 4; lastKnownFileType = sourcecode.c.h; path = boolean.h; sourceTree = "<group>"; };
		7C239622287E142F00973CC0 /* libretro.h */ = {isa = PBXFileReference; fileEncoding = 4; lastKnownFileType = sourcecode.c.h; path = libretro.h; sourceTree = "<group>"; };
		7C239623287E142F00973CC0 /* retro_assert.h */ = {isa = PBXFileReference; fileEncoding = 4; lastKnownFileType = sourcecode.c.h; path = retro_assert.h; sourceTree = "<group>"; };
		7C239625287E142F00973CC0 /* stdstring.h */ = {isa = PBXFileReference; fileEncoding = 4; lastKnownFileType = sourcecode.c.h; path = stdstring.h; sourceTree = "<group>"; };
		7C239628287E143600973CC0 /* encoding_utf.c */ = {isa = PBXFileReference; fileEncoding = 4; lastKnownFileType = sourcecode.c.c; path = encoding_utf.c; sourceTree = "<group>"; };
		7C23962A287E143600973CC0 /* compat_strl.c */ = {isa = PBXFileReference; fileEncoding = 4; lastKnownFileType = sourcecode.c.c; path = compat_strl.c; sourceTree = "<group>"; };
		7C23962C287E143600973CC0 /* features_cpu.c */ = {isa = PBXFileReference; fileEncoding = 4; lastKnownFileType = sourcecode.c.c; path = features_cpu.c; sourceTree = "<group>"; };
		7C23962D287E143600973CC0 /* .gitignore */ = {isa = PBXFileReference; fileEncoding = 4; lastKnownFileType = text; path = .gitignore; sourceTree = "<group>"; };
		7C239631287E148700973CC0 /* NXFloat.cpp */ = {isa = PBXFileReference; lastKnownFileType = sourcecode.cpp.cpp; path = NXFloat.cpp; sourceTree = "<group>"; };
		7C239632287E148700973CC0 /* NXFloat.hpp */ = {isa = PBXFileReference; lastKnownFileType = sourcecode.cpp.h; path = NXFloat.hpp; sourceTree = "<group>"; };
		7C239637287E177900973CC0 /* NXPoint.cpp */ = {isa = PBXFileReference; lastKnownFileType = sourcecode.cpp.cpp; path = NXPoint.cpp; sourceTree = "<group>"; };
		7C239638287E177900973CC0 /* NXPoint.hpp */ = {isa = PBXFileReference; lastKnownFileType = sourcecode.cpp.h; path = NXPoint.hpp; sourceTree = "<group>"; };
		7C23963B287E2BCC00973CC0 /* NXRect.cpp */ = {isa = PBXFileReference; lastKnownFileType = sourcecode.cpp.cpp; path = NXRect.cpp; sourceTree = "<group>"; };
		7C23963C287E2BCC00973CC0 /* NXRect.hpp */ = {isa = PBXFileReference; lastKnownFileType = sourcecode.cpp.h; path = NXRect.hpp; sourceTree = "<group>"; };
		7C35D1B9287CD0E8005C0A7F /* tween.h */ = {isa = PBXFileReference; fileEncoding = 4; lastKnownFileType = sourcecode.c.h; path = tween.h; sourceTree = "<group>"; };
		7C35D1BA287CD0E8005C0A7F /* tweentraits.h */ = {isa = PBXFileReference; fileEncoding = 4; lastKnownFileType = sourcecode.c.h; path = tweentraits.h; sourceTree = "<group>"; };
		7C35D1BB287CD0E8005C0A7F /* easing.h */ = {isa = PBXFileReference; fileEncoding = 4; lastKnownFileType = sourcecode.c.h; path = easing.h; sourceTree = "<group>"; };
		7C35D1BC287CD0E8005C0A7F /* tween.tcc */ = {isa = PBXFileReference; fileEncoding = 4; lastKnownFileType = sourcecode.cpp.cpp; path = tween.tcc; sourceTree = "<group>"; };
		7C35D1BD287CD0E8005C0A7F /* easingresolve.h */ = {isa = PBXFileReference; fileEncoding = 4; lastKnownFileType = sourcecode.c.h; path = easingresolve.h; sourceTree = "<group>"; };
		7C35D1BE287CD0E8005C0A7F /* int2type.h */ = {isa = PBXFileReference; fileEncoding = 4; lastKnownFileType = sourcecode.c.h; path = int2type.h; sourceTree = "<group>"; };
		7C35D1BF287CD0E8005C0A7F /* dispatcher.h */ = {isa = PBXFileReference; fileEncoding = 4; lastKnownFileType = sourcecode.c.h; path = dispatcher.h; sourceTree = "<group>"; };
		7C35D1C0287CD0E8005C0A7F /* tweenpoint.tcc */ = {isa = PBXFileReference; fileEncoding = 4; lastKnownFileType = sourcecode.cpp.cpp; path = tweenpoint.tcc; sourceTree = "<group>"; };
		7C35D1C1287CD0E8005C0A7F /* tweenpoint.h */ = {isa = PBXFileReference; fileEncoding = 4; lastKnownFileType = sourcecode.c.h; path = tweenpoint.h; sourceTree = "<group>"; };
		7C35D1C2287CD0E8005C0A7F /* tweenone.tcc */ = {isa = PBXFileReference; fileEncoding = 4; lastKnownFileType = sourcecode.cpp.cpp; path = tweenone.tcc; sourceTree = "<group>"; };
		7C35D1C3287CD0E8005C0A7F /* tweeny.tcc */ = {isa = PBXFileReference; fileEncoding = 4; lastKnownFileType = sourcecode.cpp.cpp; path = tweeny.tcc; sourceTree = "<group>"; };
		7C35D1C4287CD0E8005C0A7F /* tweeny.h */ = {isa = PBXFileReference; fileEncoding = 4; lastKnownFileType = sourcecode.c.h; path = tweeny.h; sourceTree = "<group>"; };
		7C44163A28777D9B0076663D /* UIResponder.cpp */ = {isa = PBXFileReference; lastKnownFileType = sourcecode.cpp.cpp; path = UIResponder.cpp; sourceTree = "<group>"; };
		7C44163B28777D9B0076663D /* UIResponder.hpp */ = {isa = PBXFileReference; lastKnownFileType = sourcecode.cpp.h; path = UIResponder.hpp; sourceTree = "<group>"; };
		7C53FE4828788AA20091DEF9 /* UITouch.cpp */ = {isa = PBXFileReference; lastKnownFileType = sourcecode.cpp.cpp; path = UITouch.cpp; sourceTree = "<group>"; };
		7C53FE4928788AA20091DEF9 /* UITouch.hpp */ = {isa = PBXFileReference; lastKnownFileType = sourcecode.cpp.h; path = UITouch.hpp; sourceTree = "<group>"; };
		7C53FE4C28788D8E0091DEF9 /* UIGestureRecognizer.cpp */ = {isa = PBXFileReference; lastKnownFileType = sourcecode.cpp.cpp; path = UIGestureRecognizer.cpp; sourceTree = "<group>"; };
		7C53FE4D28788D8E0091DEF9 /* UIGestureRecognizer.hpp */ = {isa = PBXFileReference; lastKnownFileType = sourcecode.cpp.h; path = UIGestureRecognizer.hpp; sourceTree = "<group>"; };
		7C53FE502878EA220091DEF9 /* UIEvent.cpp */ = {isa = PBXFileReference; lastKnownFileType = sourcecode.cpp.cpp; path = UIEvent.cpp; sourceTree = "<group>"; };
		7C53FE512878EA220091DEF9 /* UIEvent.hpp */ = {isa = PBXFileReference; lastKnownFileType = sourcecode.cpp.h; path = UIEvent.hpp; sourceTree = "<group>"; };
		7C53FE542878ED350091DEF9 /* UIViewController.cpp */ = {isa = PBXFileReference; lastKnownFileType = sourcecode.cpp.cpp; path = UIViewController.cpp; sourceTree = "<group>"; };
		7C53FE552878ED350091DEF9 /* UIViewController.hpp */ = {isa = PBXFileReference; lastKnownFileType = sourcecode.cpp.h; path = UIViewController.hpp; sourceTree = "<group>"; };
		7C53FE572878F13D0091DEF9 /* NXKit.hpp */ = {isa = PBXFileReference; lastKnownFileType = sourcecode.cpp.h; path = NXKit.hpp; sourceTree = "<group>"; };
		7C53FE592878F4E60091DEF9 /* UIWindow.cpp */ = {isa = PBXFileReference; lastKnownFileType = sourcecode.cpp.cpp; path = UIWindow.cpp; sourceTree = "<group>"; };
		7C53FE5A2878F4E60091DEF9 /* UIWindow.hpp */ = {isa = PBXFileReference; lastKnownFileType = sourcecode.cpp.h; path = UIWindow.hpp; sourceTree = "<group>"; };
		7C78EBCD2873748B0082D3AC /* UIBlurView.hpp */ = {isa = PBXFileReference; fileEncoding = 4; lastKnownFileType = sourcecode.cpp.h; path = UIBlurView.hpp; sourceTree = "<group>"; };
		7C78EBCE2873748B0082D3AC /* UIBlurView.cpp */ = {isa = PBXFileReference; fileEncoding = 4; lastKnownFileType = sourcecode.cpp.cpp; path = UIBlurView.cpp; sourceTree = "<group>"; };
		7C78EBD02873748B0082D3AC /* UIColor.hpp */ = {isa = PBXFileReference; fileEncoding = 4; lastKnownFileType = sourcecode.cpp.h; path = UIColor.hpp; sourceTree = "<group>"; };
		7C78EBD12873748B0082D3AC /* UIColor.cpp */ = {isa = PBXFileReference; fileEncoding = 4; lastKnownFileType = sourcecode.cpp.cpp; path = UIColor.cpp; sourceTree = "<group>"; };
		7C78EBD32873748B0082D3AC /* UIView.cpp */ = {isa = PBXFileReference; fileEncoding = 4; lastKnownFileType = sourcecode.cpp.cpp; path = UIView.cpp; sourceTree = "<group>"; };
		7C78EBD42873748B0082D3AC /* UIView.hpp */ = {isa = PBXFileReference; fileEncoding = 4; lastKnownFileType = sourcecode.cpp.h; path = UIView.hpp; sourceTree = "<group>"; };
		7C78EBD62873748B0082D3AC /* Geometry.hpp */ = {isa = PBXFileReference; fileEncoding = 4; lastKnownFileType = sourcecode.cpp.h; path = Geometry.hpp; sourceTree = "<group>"; };
		7C78EBD82873748B0082D3AC /* UILabel.cpp */ = {isa = PBXFileReference; fileEncoding = 4; lastKnownFileType = sourcecode.cpp.cpp; path = UILabel.cpp; sourceTree = "<group>"; };
		7C78EBD92873748B0082D3AC /* UILabel.hpp */ = {isa = PBXFileReference; fileEncoding = 4; lastKnownFileType = sourcecode.cpp.h; path = UILabel.hpp; sourceTree = "<group>"; };
		7C78EBDC2873748B0082D3AC /* GaussianBlur.hpp */ = {isa = PBXFileReference; fileEncoding = 4; lastKnownFileType = sourcecode.cpp.h; path = GaussianBlur.hpp; sourceTree = "<group>"; };
		7C78EBDD2873748B0082D3AC /* GaussianBlur.cpp */ = {isa = PBXFileReference; fileEncoding = 4; lastKnownFileType = sourcecode.cpp.cpp; path = GaussianBlur.cpp; sourceTree = "<group>"; };
		7C78EBE7287386070082D3AC /* OpenGL.framework */ = {isa = PBXFileReference; lastKnownFileType = wrapper.framework; name = OpenGL.framework; path = System/Library/Frameworks/OpenGL.framework; sourceTree = SDKROOT; };
		7C888E35287F7726009A6B95 /* NXSize.cpp */ = {isa = PBXFileReference; lastKnownFileType = sourcecode.cpp.cpp; path = NXSize.cpp; sourceTree = "<group>"; };
		7C888E36287F7726009A6B95 /* NXSize.hpp */ = {isa = PBXFileReference; lastKnownFileType = sourcecode.cpp.h; path = NXSize.hpp; sourceTree = "<group>"; };
		7C888E4128816547009A6B95 /* UINavigationController.cpp */ = {isa = PBXFileReference; lastKnownFileType = sourcecode.cpp.cpp; path = UINavigationController.cpp; sourceTree = "<group>"; };
		7C888E4228816547009A6B95 /* UINavigationController.hpp */ = {isa = PBXFileReference; lastKnownFileType = sourcecode.cpp.h; path = UINavigationController.hpp; sourceTree = "<group>"; };
		7C888E45288165E9009A6B95 /* ViewController.cpp */ = {isa = PBXFileReference; lastKnownFileType = sourcecode.cpp.cpp; path = ViewController.cpp; sourceTree = "<group>"; };
		7C888E46288165E9009A6B95 /* ViewController.hpp */ = {isa = PBXFileReference; lastKnownFileType = sourcecode.cpp.h; path = ViewController.hpp; sourceTree = "<group>"; };
		7C888E4928818212009A6B95 /* UITabBarController.cpp */ = {isa = PBXFileReference; lastKnownFileType = sourcecode.cpp.cpp; path = UITabBarController.cpp; sourceTree = "<group>"; };
		7C888E4A28818212009A6B95 /* UITabBarController.hpp */ = {isa = PBXFileReference; lastKnownFileType = sourcecode.cpp.h; path = UITabBarController.hpp; sourceTree = "<group>"; };
		7CA3897328835AA1005C7A91 /* nx_application.h */ = {isa = PBXFileReference; lastKnownFileType = sourcecode.c.h; path = nx_application.h; sourceTree = "<group>"; };
		7CA3897428835AB8005C7A91 /* nx_application.cpp */ = {isa = PBXFileReference; lastKnownFileType = sourcecode.cpp.cpp; path = nx_application.cpp; sourceTree = "<group>"; };
		7CA3898528836343005C7A91 /* Fonts */ = {isa = PBXFileReference; fileEncoding = 4; lastKnownFileType = text; name = Fonts; path = resources/Fonts; sourceTree = SOURCE_ROOT; };
		7CA960692871F7A2009E0953 /* NXKit */ = {isa = PBXFileReference; explicitFileType = "compiled.mach-o.executable"; includeInIndex = 0; path = NXKit; sourceTree = BUILT_PRODUCTS_DIR; };
		7CA9606C2871F7A2009E0953 /* main.cpp */ = {isa = PBXFileReference; lastKnownFileType = sourcecode.cpp.cpp; path = main.cpp; sourceTree = "<group>"; };
		7CA960762871F8BF009E0953 /* glfw_video.cpp */ = {isa = PBXFileReference; fileEncoding = 4; lastKnownFileType = sourcecode.cpp.cpp; path = glfw_video.cpp; sourceTree = "<group>"; };
		7CA960782871F8BF009E0953 /* video.hpp */ = {isa = PBXFileReference; fileEncoding = 4; lastKnownFileType = sourcecode.cpp.h; path = video.hpp; sourceTree = "<group>"; };
		7CA960872871F993009E0953 /* LICENSE.txt */ = {isa = PBXFileReference; fileEncoding = 4; lastKnownFileType = text; path = LICENSE.txt; sourceTree = "<group>"; };
		7CA960882871F993009E0953 /* nanovg.c */ = {isa = PBXFileReference; fileEncoding = 4; lastKnownFileType = sourcecode.c.c; path = nanovg.c; sourceTree = "<group>"; };
		7CA9608A2871F993009E0953 /* glad.c */ = {isa = PBXFileReference; fileEncoding = 4; lastKnownFileType = sourcecode.c.c; path = glad.c; sourceTree = "<group>"; };
		7CA960952871F993009E0953 /* glad.h */ = {isa = PBXFileReference; fileEncoding = 4; lastKnownFileType = sourcecode.c.h; path = glad.h; sourceTree = "<group>"; };
		7CA960B72871FA53009E0953 /* nanovg_gl.h */ = {isa = PBXFileReference; fileEncoding = 4; lastKnownFileType = sourcecode.c.h; path = nanovg_gl.h; sourceTree = "<group>"; };
		7CA960B82871FA53009E0953 /* nanovg.h */ = {isa = PBXFileReference; fileEncoding = 4; lastKnownFileType = sourcecode.c.h; path = nanovg.h; sourceTree = "<group>"; };
		7CA960B92871FA53009E0953 /* stb_image.h */ = {isa = PBXFileReference; fileEncoding = 4; lastKnownFileType = sourcecode.c.h; path = stb_image.h; sourceTree = "<group>"; };
		7CA960BA2871FA53009E0953 /* stb_truetype.h */ = {isa = PBXFileReference; fileEncoding = 4; lastKnownFileType = sourcecode.c.h; path = stb_truetype.h; sourceTree = "<group>"; };
		7CA960BB2871FA53009E0953 /* fontstash.h */ = {isa = PBXFileReference; fileEncoding = 4; lastKnownFileType = sourcecode.c.h; path = fontstash.h; sourceTree = "<group>"; };
		7CA960BC2871FA53009E0953 /* nanovg_gl_utils.h */ = {isa = PBXFileReference; fileEncoding = 4; lastKnownFileType = sourcecode.c.h; path = nanovg_gl_utils.h; sourceTree = "<group>"; };
		7CA960BD2871FA53009E0953 /* LICENSE.txt */ = {isa = PBXFileReference; fileEncoding = 4; lastKnownFileType = text; path = LICENSE.txt; sourceTree = "<group>"; };
		7CA960BF2871FAC6009E0953 /* Application.cpp */ = {isa = PBXFileReference; lastKnownFileType = sourcecode.cpp.cpp; path = Application.cpp; sourceTree = "<group>"; };
		7CA960C02871FAC6009E0953 /* Application.hpp */ = {isa = PBXFileReference; lastKnownFileType = sourcecode.cpp.h; path = Application.hpp; sourceTree = "<group>"; };
		7CA960C22871FCC2009E0953 /* NXKit.entitlements */ = {isa = PBXFileReference; lastKnownFileType = text.plist.entitlements; path = NXKit.entitlements; sourceTree = "<group>"; };
		7CA9C4672882ADD600E47DB3 /* NXKit-iOS.app */ = {isa = PBXFileReference; explicitFileType = wrapper.application; includeInIndex = 0; path = "NXKit-iOS.app"; sourceTree = BUILT_PRODUCTS_DIR; };
		7CA9C4692882ADD600E47DB3 /* AppDelegate.h */ = {isa = PBXFileReference; lastKnownFileType = sourcecode.c.h; path = AppDelegate.h; sourceTree = "<group>"; };
		7CA9C46A2882ADD600E47DB3 /* AppDelegate.m */ = {isa = PBXFileReference; lastKnownFileType = sourcecode.c.objc; path = AppDelegate.m; sourceTree = "<group>"; };
		7CA9C46C2882ADD600E47DB3 /* SceneDelegate.h */ = {isa = PBXFileReference; lastKnownFileType = sourcecode.c.h; path = SceneDelegate.h; sourceTree = "<group>"; };
		7CA9C46D2882ADD600E47DB3 /* SceneDelegate.m */ = {isa = PBXFileReference; lastKnownFileType = sourcecode.c.objc; path = SceneDelegate.m; sourceTree = "<group>"; };
		7CA9C46F2882ADD600E47DB3 /* GLViewController.h */ = {isa = PBXFileReference; lastKnownFileType = sourcecode.c.h; path = GLViewController.h; sourceTree = "<group>"; };
		7CA9C4702882ADD600E47DB3 /* GLViewController.m */ = {isa = PBXFileReference; lastKnownFileType = sourcecode.c.objc; path = GLViewController.m; sourceTree = "<group>"; };
		7CA9C4732882ADD600E47DB3 /* Base */ = {isa = PBXFileReference; lastKnownFileType = file.storyboard; name = Base; path = Base.lproj/Main.storyboard; sourceTree = "<group>"; };
		7CA9C4752882ADD700E47DB3 /* Assets.xcassets */ = {isa = PBXFileReference; lastKnownFileType = folder.assetcatalog; path = Assets.xcassets; sourceTree = "<group>"; };
		7CA9C4782882ADD700E47DB3 /* Base */ = {isa = PBXFileReference; lastKnownFileType = file.storyboard; name = Base; path = Base.lproj/LaunchScreen.storyboard; sourceTree = "<group>"; };
		7CA9C47A2882ADD700E47DB3 /* Info.plist */ = {isa = PBXFileReference; lastKnownFileType = text.plist.xml; path = Info.plist; sourceTree = "<group>"; };
		7CA9C47B2882ADD700E47DB3 /* main.m */ = {isa = PBXFileReference; lastKnownFileType = sourcecode.c.objc; path = main.m; sourceTree = "<group>"; };
		7CA9C4972882C5EB00E47DB3 /* glfw_video.hpp */ = {isa = PBXFileReference; fileEncoding = 4; lastKnownFileType = sourcecode.cpp.h; path = glfw_video.hpp; sourceTree = "<group>"; };
		7CA9C4A92882CA4800E47DB3 /* ios_video.cpp */ = {isa = PBXFileReference; lastKnownFileType = sourcecode.cpp.cpp; path = ios_video.cpp; sourceTree = "<group>"; };
		7CA9C4AC2882CA6500E47DB3 /* ios_video.hpp */ = {isa = PBXFileReference; lastKnownFileType = sourcecode.cpp.h; path = ios_video.hpp; sourceTree = "<group>"; };
		7CA9C4AD2882CE7500E47DB3 /* ios_main.mm */ = {isa = PBXFileReference; lastKnownFileType = sourcecode.cpp.objcpp; path = ios_main.mm; sourceTree = "<group>"; };
		7CA9C4AF2882CE8700E47DB3 /* ios_main.h */ = {isa = PBXFileReference; lastKnownFileType = sourcecode.c.h; path = ios_main.h; sourceTree = "<group>"; };
		7CE9B4CF2874917F00659D24 /* YGFloatOptional.h */ = {isa = PBXFileReference; fileEncoding = 4; lastKnownFileType = sourcecode.c.h; path = YGFloatOptional.h; sourceTree = "<group>"; };
		7CE9B4D02874917F00659D24 /* Utils.h */ = {isa = PBXFileReference; fileEncoding = 4; lastKnownFileType = sourcecode.c.h; path = Utils.h; sourceTree = "<group>"; };
		7CE9B4D12874917F00659D24 /* CompactValue.h */ = {isa = PBXFileReference; fileEncoding = 4; lastKnownFileType = sourcecode.c.h; path = CompactValue.h; sourceTree = "<group>"; };
		7CE9B4D22874917F00659D24 /* Yoga-internal.h */ = {isa = PBXFileReference; fileEncoding = 4; lastKnownFileType = sourcecode.c.h; path = "Yoga-internal.h"; sourceTree = "<group>"; };
		7CE9B4D32874917F00659D24 /* YGLayout.h */ = {isa = PBXFileReference; fileEncoding = 4; lastKnownFileType = sourcecode.c.h; path = YGLayout.h; sourceTree = "<group>"; };
		7CE9B4D42874917F00659D24 /* log.cpp */ = {isa = PBXFileReference; fileEncoding = 4; lastKnownFileType = sourcecode.cpp.cpp; path = log.cpp; sourceTree = "<group>"; };
		7CE9B4D52874917F00659D24 /* Utils.cpp */ = {isa = PBXFileReference; fileEncoding = 4; lastKnownFileType = sourcecode.cpp.cpp; path = Utils.cpp; sourceTree = "<group>"; };
		7CE9B4D62874917F00659D24 /* YGNodePrint.h */ = {isa = PBXFileReference; fileEncoding = 4; lastKnownFileType = sourcecode.c.h; path = YGNodePrint.h; sourceTree = "<group>"; };
		7CE9B4D72874917F00659D24 /* YGEnums.h */ = {isa = PBXFileReference; fileEncoding = 4; lastKnownFileType = sourcecode.c.h; path = YGEnums.h; sourceTree = "<group>"; };
		7CE9B4D82874917F00659D24 /* YGLayout.cpp */ = {isa = PBXFileReference; fileEncoding = 4; lastKnownFileType = sourcecode.cpp.cpp; path = YGLayout.cpp; sourceTree = "<group>"; };
		7CE9B4D92874917F00659D24 /* YGNode.h */ = {isa = PBXFileReference; fileEncoding = 4; lastKnownFileType = sourcecode.c.h; path = YGNode.h; sourceTree = "<group>"; };
		7CE9B4DA2874917F00659D24 /* YGMacros.h */ = {isa = PBXFileReference; fileEncoding = 4; lastKnownFileType = sourcecode.c.h; path = YGMacros.h; sourceTree = "<group>"; };
		7CE9B4DB2874917F00659D24 /* Yoga.cpp */ = {isa = PBXFileReference; fileEncoding = 4; lastKnownFileType = sourcecode.cpp.cpp; path = Yoga.cpp; sourceTree = "<group>"; };
		7CE9B4DC2874917F00659D24 /* YGStyle.cpp */ = {isa = PBXFileReference; fileEncoding = 4; lastKnownFileType = sourcecode.cpp.cpp; path = YGStyle.cpp; sourceTree = "<group>"; };
		7CE9B4DD2874917F00659D24 /* Yoga.h */ = {isa = PBXFileReference; fileEncoding = 4; lastKnownFileType = sourcecode.c.h; path = Yoga.h; sourceTree = "<group>"; };
		7CE9B4DF2874917F00659D24 /* experiments.cpp */ = {isa = PBXFileReference; fileEncoding = 4; lastKnownFileType = sourcecode.cpp.cpp; path = experiments.cpp; sourceTree = "<group>"; };
		7CE9B4E02874917F00659D24 /* experiments-inl.h */ = {isa = PBXFileReference; fileEncoding = 4; lastKnownFileType = sourcecode.c.h; path = "experiments-inl.h"; sourceTree = "<group>"; };
		7CE9B4E12874917F00659D24 /* experiments.h */ = {isa = PBXFileReference; fileEncoding = 4; lastKnownFileType = sourcecode.c.h; path = experiments.h; sourceTree = "<group>"; };
		7CE9B4E22874917F00659D24 /* YGNodePrint.cpp */ = {isa = PBXFileReference; fileEncoding = 4; lastKnownFileType = sourcecode.cpp.cpp; path = YGNodePrint.cpp; sourceTree = "<group>"; };
		7CE9B4E32874917F00659D24 /* YGStyle.h */ = {isa = PBXFileReference; fileEncoding = 4; lastKnownFileType = sourcecode.c.h; path = YGStyle.h; sourceTree = "<group>"; };
		7CE9B4E42874917F00659D24 /* YGEnums.cpp */ = {isa = PBXFileReference; fileEncoding = 4; lastKnownFileType = sourcecode.cpp.cpp; path = YGEnums.cpp; sourceTree = "<group>"; };
		7CE9B4E52874917F00659D24 /* log.h */ = {isa = PBXFileReference; fileEncoding = 4; lastKnownFileType = sourcecode.c.h; path = log.h; sourceTree = "<group>"; };
		7CE9B4E62874917F00659D24 /* YGValue.cpp */ = {isa = PBXFileReference; fileEncoding = 4; lastKnownFileType = sourcecode.cpp.cpp; path = YGValue.cpp; sourceTree = "<group>"; };
		7CE9B4E72874917F00659D24 /* BitUtils.h */ = {isa = PBXFileReference; fileEncoding = 4; lastKnownFileType = sourcecode.c.h; path = BitUtils.h; sourceTree = "<group>"; };
		7CE9B4E82874917F00659D24 /* YGConfig.h */ = {isa = PBXFileReference; fileEncoding = 4; lastKnownFileType = sourcecode.c.h; path = YGConfig.h; sourceTree = "<group>"; };
		7CE9B4E92874917F00659D24 /* YGConfig.cpp */ = {isa = PBXFileReference; fileEncoding = 4; lastKnownFileType = sourcecode.cpp.cpp; path = YGConfig.cpp; sourceTree = "<group>"; };
		7CE9B4EA2874917F00659D24 /* YGNode.cpp */ = {isa = PBXFileReference; fileEncoding = 4; lastKnownFileType = sourcecode.cpp.cpp; path = YGNode.cpp; sourceTree = "<group>"; };
		7CE9B4EB2874917F00659D24 /* YGValue.h */ = {isa = PBXFileReference; fileEncoding = 4; lastKnownFileType = sourcecode.c.h; path = YGValue.h; sourceTree = "<group>"; };
		7CE9B4ED2874917F00659D24 /* event.h */ = {isa = PBXFileReference; fileEncoding = 4; lastKnownFileType = sourcecode.c.h; path = event.h; sourceTree = "<group>"; };
		7CE9B4EE2874917F00659D24 /* event.cpp */ = {isa = PBXFileReference; fileEncoding = 4; lastKnownFileType = sourcecode.cpp.cpp; path = event.cpp; sourceTree = "<group>"; };
		7CE9B5E6287495F900659D24 /* UIStackView.cpp */ = {isa = PBXFileReference; lastKnownFileType = sourcecode.cpp.cpp; path = UIStackView.cpp; sourceTree = "<group>"; };
		7CE9B5E7287495F900659D24 /* UIStackView.hpp */ = {isa = PBXFileReference; lastKnownFileType = sourcecode.cpp.h; path = UIStackView.hpp; sourceTree = "<group>"; };
		7CE9B5E92874EA4000659D24 /* main.cpp */ = {isa = PBXFileReference; lastKnownFileType = sourcecode.cpp.cpp; path = main.cpp; sourceTree = "<group>"; };
/* End PBXFileReference section */

/* Begin PBXFrameworksBuildPhase section */
		7CA960662871F7A2009E0953 /* Frameworks */ = {
			isa = PBXFrameworksBuildPhase;
			buildActionMask = 2147483647;
			files = (
				7C78EBE8287386070082D3AC /* OpenGL.framework in Frameworks */,
			);
			runOnlyForDeploymentPostprocessing = 0;
		};
		7CA9C4642882ADD600E47DB3 /* Frameworks */ = {
			isa = PBXFrameworksBuildPhase;
			buildActionMask = 2147483647;
			files = (
			);
			runOnlyForDeploymentPostprocessing = 0;
		};
/* End PBXFrameworksBuildPhase section */

/* Begin PBXGroup section */
		7C0638F02876214000621093 /* FontManager */ = {
			isa = PBXGroup;
			children = (
				7C0638F22876215100621093 /* FontManager.hpp */,
				7C0638F12876215100621093 /* FontManager.cpp */,
			);
			path = FontManager;
			sourceTree = "<group>";
		};
		7C23960F287E139B00973CC0 /* Animation */ = {
			isa = PBXGroup;
			children = (
				7C239634287E175100973CC0 /* Core */,
				7C239635287E175900973CC0 /* NXFloat */,
				7C239636287E176A00973CC0 /* NXPoint */,
				7C888E34287F770D009A6B95 /* NXSize */,
				7C23963A287E2BBF00973CC0 /* NXRect */,
			);
			path = Animation;
			sourceTree = "<group>";
		};
		7C239613287E142F00973CC0 /* libretro-common */ = {
			isa = PBXGroup;
			children = (
				7C239614287E142F00973CC0 /* encodings */,
				7C239616287E142F00973CC0 /* compat */,
				7C239618287E142F00973CC0 /* retro_common_api.h */,
				7C239619287E142F00973CC0 /* retro_timers.h */,
				7C23961A287E142F00973CC0 /* retro_inline.h */,
				7C23961B287E142F00973CC0 /* retro_math.h */,
				7C23961C287E142F00973CC0 /* streams */,
				7C23961E287E142F00973CC0 /* features */,
				7C239620287E142F00973CC0 /* retro_miscellaneous.h */,
				7C239621287E142F00973CC0 /* boolean.h */,
				7C239622287E142F00973CC0 /* libretro.h */,
				7C239623287E142F00973CC0 /* retro_assert.h */,
				7C239624287E142F00973CC0 /* string */,
			);
			path = "libretro-common";
			sourceTree = "<group>";
		};
		7C239614287E142F00973CC0 /* encodings */ = {
			isa = PBXGroup;
			children = (
				7C239615287E142F00973CC0 /* utf.h */,
			);
			path = encodings;
			sourceTree = "<group>";
		};
		7C239616287E142F00973CC0 /* compat */ = {
			isa = PBXGroup;
			children = (
				7C239617287E142F00973CC0 /* strl.h */,
			);
			path = compat;
			sourceTree = "<group>";
		};
		7C23961C287E142F00973CC0 /* streams */ = {
			isa = PBXGroup;
			children = (
				7C23961D287E142F00973CC0 /* file_stream.h */,
			);
			path = streams;
			sourceTree = "<group>";
		};
		7C23961E287E142F00973CC0 /* features */ = {
			isa = PBXGroup;
			children = (
				7C23961F287E142F00973CC0 /* features_cpu.h */,
			);
			path = features;
			sourceTree = "<group>";
		};
		7C239624287E142F00973CC0 /* string */ = {
			isa = PBXGroup;
			children = (
				7C239625287E142F00973CC0 /* stdstring.h */,
			);
			path = string;
			sourceTree = "<group>";
		};
		7C239626287E143600973CC0 /* libretro-common */ = {
			isa = PBXGroup;
			children = (
				7C239627287E143600973CC0 /* encodings */,
				7C239629287E143600973CC0 /* compat */,
				7C23962B287E143600973CC0 /* features */,
				7C23962D287E143600973CC0 /* .gitignore */,
			);
			path = "libretro-common";
			sourceTree = "<group>";
		};
		7C239627287E143600973CC0 /* encodings */ = {
			isa = PBXGroup;
			children = (
				7C239628287E143600973CC0 /* encoding_utf.c */,
			);
			path = encodings;
			sourceTree = "<group>";
		};
		7C239629287E143600973CC0 /* compat */ = {
			isa = PBXGroup;
			children = (
				7C23962A287E143600973CC0 /* compat_strl.c */,
			);
			path = compat;
			sourceTree = "<group>";
		};
		7C23962B287E143600973CC0 /* features */ = {
			isa = PBXGroup;
			children = (
				7C23962C287E143600973CC0 /* features_cpu.c */,
			);
			path = features;
			sourceTree = "<group>";
		};
		7C239634287E175100973CC0 /* Core */ = {
			isa = PBXGroup;
			children = (
				7C239611287E13C100973CC0 /* Time.hpp */,
				7C239610287E13C100973CC0 /* Time.cpp */,
			);
			path = Core;
			sourceTree = "<group>";
		};
		7C239635287E175900973CC0 /* NXFloat */ = {
			isa = PBXGroup;
			children = (
				7C239632287E148700973CC0 /* NXFloat.hpp */,
				7C239631287E148700973CC0 /* NXFloat.cpp */,
			);
			path = NXFloat;
			sourceTree = "<group>";
		};
		7C239636287E176A00973CC0 /* NXPoint */ = {
			isa = PBXGroup;
			children = (
				7C239638287E177900973CC0 /* NXPoint.hpp */,
				7C239637287E177900973CC0 /* NXPoint.cpp */,
			);
			path = NXPoint;
			sourceTree = "<group>";
		};
		7C23963A287E2BBF00973CC0 /* NXRect */ = {
			isa = PBXGroup;
			children = (
				7C23963C287E2BCC00973CC0 /* NXRect.hpp */,
				7C23963B287E2BCC00973CC0 /* NXRect.cpp */,
			);
			path = NXRect;
			sourceTree = "<group>";
		};
		7C35D1B8287CD0E8005C0A7F /* tweeny */ = {
			isa = PBXGroup;
			children = (
				7C35D1B9287CD0E8005C0A7F /* tween.h */,
				7C35D1BA287CD0E8005C0A7F /* tweentraits.h */,
				7C35D1BB287CD0E8005C0A7F /* easing.h */,
				7C35D1BC287CD0E8005C0A7F /* tween.tcc */,
				7C35D1BD287CD0E8005C0A7F /* easingresolve.h */,
				7C35D1BE287CD0E8005C0A7F /* int2type.h */,
				7C35D1BF287CD0E8005C0A7F /* dispatcher.h */,
				7C35D1C0287CD0E8005C0A7F /* tweenpoint.tcc */,
				7C35D1C1287CD0E8005C0A7F /* tweenpoint.h */,
				7C35D1C2287CD0E8005C0A7F /* tweenone.tcc */,
				7C35D1C3287CD0E8005C0A7F /* tweeny.tcc */,
				7C35D1C4287CD0E8005C0A7F /* tweeny.h */,
			);
			path = tweeny;
			sourceTree = "<group>";
		};
		7C44163928777D8D0076663D /* UIResponder */ = {
			isa = PBXGroup;
			children = (
				7C44163B28777D9B0076663D /* UIResponder.hpp */,
				7C44163A28777D9B0076663D /* UIResponder.cpp */,
			);
			path = UIResponder;
			sourceTree = "<group>";
		};
		7C53FE4728788A930091DEF9 /* UITouch */ = {
			isa = PBXGroup;
			children = (
				7C53FE4928788AA20091DEF9 /* UITouch.hpp */,
				7C53FE4828788AA20091DEF9 /* UITouch.cpp */,
			);
			path = UITouch;
			sourceTree = "<group>";
		};
		7C53FE4B28788D820091DEF9 /* UIGestureRecognizer */ = {
			isa = PBXGroup;
			children = (
				7C53FE4D28788D8E0091DEF9 /* UIGestureRecognizer.hpp */,
				7C53FE4C28788D8E0091DEF9 /* UIGestureRecognizer.cpp */,
			);
			path = UIGestureRecognizer;
			sourceTree = "<group>";
		};
		7C53FE4F2878EA180091DEF9 /* UIEvent */ = {
			isa = PBXGroup;
			children = (
				7C53FE512878EA220091DEF9 /* UIEvent.hpp */,
				7C53FE502878EA220091DEF9 /* UIEvent.cpp */,
			);
			path = UIEvent;
			sourceTree = "<group>";
		};
		7C53FE532878ED270091DEF9 /* UIViewController */ = {
			isa = PBXGroup;
			children = (
				7C53FE552878ED350091DEF9 /* UIViewController.hpp */,
				7C53FE542878ED350091DEF9 /* UIViewController.cpp */,
			);
			path = UIViewController;
			sourceTree = "<group>";
		};
		7C53FE582878F4DB0091DEF9 /* UIWindow */ = {
			isa = PBXGroup;
			children = (
				7C53FE5A2878F4E60091DEF9 /* UIWindow.hpp */,
				7C53FE592878F4E60091DEF9 /* UIWindow.cpp */,
			);
			path = UIWindow;
			sourceTree = "<group>";
		};
		7C78EBCB2873743C0082D3AC /* Driver */ = {
			isa = PBXGroup;
			children = (
				7CA960752871F874009E0953 /* Video */,
			);
			path = Driver;
			sourceTree = "<group>";
		};
		7C78EBCC2873748B0082D3AC /* UIBlurView */ = {
			isa = PBXGroup;
			children = (
				7C78EBCD2873748B0082D3AC /* UIBlurView.hpp */,
				7C78EBCE2873748B0082D3AC /* UIBlurView.cpp */,
			);
			path = UIBlurView;
			sourceTree = "<group>";
		};
		7C78EBCF2873748B0082D3AC /* UIColor */ = {
			isa = PBXGroup;
			children = (
				7C78EBD02873748B0082D3AC /* UIColor.hpp */,
				7C78EBD12873748B0082D3AC /* UIColor.cpp */,
			);
			path = UIColor;
			sourceTree = "<group>";
		};
		7C78EBD22873748B0082D3AC /* UIView */ = {
			isa = PBXGroup;
			children = (
				7C78EBD42873748B0082D3AC /* UIView.hpp */,
				7C78EBD32873748B0082D3AC /* UIView.cpp */,
			);
			path = UIView;
			sourceTree = "<group>";
		};
		7C78EBD52873748B0082D3AC /* Geometry */ = {
			isa = PBXGroup;
			children = (
				7C78EBD62873748B0082D3AC /* Geometry.hpp */,
				7C23960E287E138500973CC0 /* CGGeometry.hpp */,
			);
			path = Geometry;
			sourceTree = "<group>";
		};
		7C78EBD72873748B0082D3AC /* UILabel */ = {
			isa = PBXGroup;
			children = (
				7C78EBD92873748B0082D3AC /* UILabel.hpp */,
				7C78EBD82873748B0082D3AC /* UILabel.cpp */,
				7C0638FA2876C01900621093 /* Label.hpp */,
				7C0638F92876C01900621093 /* Label.cpp */,
			);
			path = UILabel;
			sourceTree = "<group>";
		};
		7C78EBDA2873748B0082D3AC /* Utils */ = {
			isa = PBXGroup;
			children = (
				7C23960F287E139B00973CC0 /* Animation */,
				7C0638F02876214000621093 /* FontManager */,
				7C78EBDB2873748B0082D3AC /* GaussianBlur */,
			);
			path = Utils;
			sourceTree = "<group>";
		};
		7C78EBDB2873748B0082D3AC /* GaussianBlur */ = {
			isa = PBXGroup;
			children = (
				7C78EBDC2873748B0082D3AC /* GaussianBlur.hpp */,
				7C78EBDD2873748B0082D3AC /* GaussianBlur.cpp */,
			);
			path = GaussianBlur;
			sourceTree = "<group>";
		};
		7C78EBE6287386070082D3AC /* Frameworks */ = {
			isa = PBXGroup;
			children = (
				7C78EBE7287386070082D3AC /* OpenGL.framework */,
			);
			name = Frameworks;
			sourceTree = "<group>";
		};
		7C888E34287F770D009A6B95 /* NXSize */ = {
			isa = PBXGroup;
			children = (
				7C888E36287F7726009A6B95 /* NXSize.hpp */,
				7C888E35287F7726009A6B95 /* NXSize.cpp */,
			);
			path = NXSize;
			sourceTree = "<group>";
		};
		7C888E3F28816531009A6B95 /* TestControllers */ = {
			isa = PBXGroup;
			children = (
				7C888E44288165DB009A6B95 /* ViewController */,
			);
			path = TestControllers;
			sourceTree = "<group>";
		};
		7C888E4028816537009A6B95 /* UINavigationController */ = {
			isa = PBXGroup;
			children = (
				7C888E4228816547009A6B95 /* UINavigationController.hpp */,
				7C888E4128816547009A6B95 /* UINavigationController.cpp */,
			);
			path = UINavigationController;
			sourceTree = "<group>";
		};
		7C888E44288165DB009A6B95 /* ViewController */ = {
			isa = PBXGroup;
			children = (
				7C888E46288165E9009A6B95 /* ViewController.hpp */,
				7C888E45288165E9009A6B95 /* ViewController.cpp */,
			);
			path = ViewController;
			sourceTree = "<group>";
		};
		7C888E48288181F8009A6B95 /* UITabBarController */ = {
			isa = PBXGroup;
			children = (
				7C888E4A28818212009A6B95 /* UITabBarController.hpp */,
				7C888E4928818212009A6B95 /* UITabBarController.cpp */,
			);
			path = UITabBarController;
			sourceTree = "<group>";
		};
		7C888E6E28819F34009A6B95 /* Platforms */ = {
			isa = PBXGroup;
			children = (
				7CA9C4682882ADD600E47DB3 /* iOS */,
				7C888E6F28819F3F009A6B95 /* Universal */,
			);
			path = Platforms;
			sourceTree = "<group>";
		};
		7C888E6F28819F3F009A6B95 /* Universal */ = {
			isa = PBXGroup;
			children = (
				7CE9B5E92874EA4000659D24 /* main.cpp */,
				7CA9C4972882C5EB00E47DB3 /* glfw_video.hpp */,
				7CA960762871F8BF009E0953 /* glfw_video.cpp */,
			);
			path = Universal;
			sourceTree = "<group>";
		};
		7CA38982288362FE005C7A91 /* Resources */ = {
			isa = PBXGroup;
			children = (
				7CA3898528836343005C7A91 /* Fonts */,
			);
			name = Resources;
			sourceTree = "<group>";
		};
		7CA960602871F7A2009E0953 = {
			isa = PBXGroup;
			children = (
				7CA9606B2871F7A2009E0953 /* NXKit */,
				7CA9606A2871F7A2009E0953 /* Products */,
				7C78EBE6287386070082D3AC /* Frameworks */,
			);
			sourceTree = "<group>";
		};
		7CA9606A2871F7A2009E0953 /* Products */ = {
			isa = PBXGroup;
			children = (
				7CA960692871F7A2009E0953 /* NXKit */,
				7CA9C4672882ADD600E47DB3 /* NXKit-iOS.app */,
			);
			name = Products;
			sourceTree = "<group>";
		};
		7CA9606B2871F7A2009E0953 /* NXKit */ = {
			isa = PBXGroup;
			children = (
				7C888E3F28816531009A6B95 /* TestControllers */,
				7CA960C22871FCC2009E0953 /* NXKit.entitlements */,
				7CA9606C2871F7A2009E0953 /* main.cpp */,
				7CA960732871F839009E0953 /* lib */,
			);
			path = NXKit;
			sourceTree = "<group>";
		};
		7CA960732871F839009E0953 /* lib */ = {
			isa = PBXGroup;
			children = (
				7C888E6E28819F34009A6B95 /* Platforms */,
				7CA9607A2871F8DA009E0953 /* extern */,
				7CA960742871F841009E0953 /* Core */,
				7C53FE572878F13D0091DEF9 /* NXKit.hpp */,
			);
			path = lib;
			sourceTree = "<group>";
		};
		7CA960742871F841009E0953 /* Core */ = {
			isa = PBXGroup;
			children = (
				7C53FE582878F4DB0091DEF9 /* UIWindow */,
				7CA960BE2871FABA009E0953 /* Application */,
				7C78EBCB2873743C0082D3AC /* Driver */,
				7C78EBD52873748B0082D3AC /* Geometry */,
				7C78EBCC2873748B0082D3AC /* UIBlurView */,
				7C78EBCF2873748B0082D3AC /* UIColor */,
				7C53FE4F2878EA180091DEF9 /* UIEvent */,
				7C53FE4B28788D820091DEF9 /* UIGestureRecognizer */,
				7C78EBD72873748B0082D3AC /* UILabel */,
				7C44163928777D8D0076663D /* UIResponder */,
				7CE9B5E5287495E400659D24 /* UIStackView */,
				7C53FE4728788A930091DEF9 /* UITouch */,
				7C78EBD22873748B0082D3AC /* UIView */,
				7C53FE532878ED270091DEF9 /* UIViewController */,
				7C888E4028816537009A6B95 /* UINavigationController */,
				7C888E48288181F8009A6B95 /* UITabBarController */,
				7C78EBDA2873748B0082D3AC /* Utils */,
			);
			path = Core;
			sourceTree = "<group>";
		};
		7CA960752871F874009E0953 /* Video */ = {
			isa = PBXGroup;
			children = (
				7CA960782871F8BF009E0953 /* video.hpp */,
			);
			path = Video;
			sourceTree = "<group>";
		};
		7CA9607A2871F8DA009E0953 /* extern */ = {
			isa = PBXGroup;
			children = (
				7CA960932871F993009E0953 /* include */,
				7CA960852871F993009E0953 /* lib */,
			);
			path = extern;
			sourceTree = "<group>";
		};
		7CA960852871F993009E0953 /* lib */ = {
			isa = PBXGroup;
			children = (
				7C239626287E143600973CC0 /* libretro-common */,
				7CE9B17F2874917E00659D24 /* yoga */,
				7CA960862871F993009E0953 /* nanovg-gl */,
				7CA960892871F993009E0953 /* glad */,
			);
			path = lib;
			sourceTree = "<group>";
		};
		7CA960862871F993009E0953 /* nanovg-gl */ = {
			isa = PBXGroup;
			children = (
				7CA960872871F993009E0953 /* LICENSE.txt */,
				7CA960882871F993009E0953 /* nanovg.c */,
			);
			path = "nanovg-gl";
			sourceTree = "<group>";
		};
		7CA960892871F993009E0953 /* glad */ = {
			isa = PBXGroup;
			children = (
				7CA9608A2871F993009E0953 /* glad.c */,
			);
			path = glad;
			sourceTree = "<group>";
		};
		7CA960932871F993009E0953 /* include */ = {
			isa = PBXGroup;
			children = (
				7C239613287E142F00973CC0 /* libretro-common */,
				7C35D1B8287CD0E8005C0A7F /* tweeny */,
				7CA960B62871FA53009E0953 /* nanovg-gl */,
				7CA960942871F993009E0953 /* glad */,
			);
			path = include;
			sourceTree = "<group>";
		};
		7CA960942871F993009E0953 /* glad */ = {
			isa = PBXGroup;
			children = (
				7CA960952871F993009E0953 /* glad.h */,
			);
			path = glad;
			sourceTree = "<group>";
		};
		7CA960B62871FA53009E0953 /* nanovg-gl */ = {
			isa = PBXGroup;
			children = (
				7CA960B72871FA53009E0953 /* nanovg_gl.h */,
				7CA960B82871FA53009E0953 /* nanovg.h */,
				7CA960B92871FA53009E0953 /* stb_image.h */,
				7CA960BA2871FA53009E0953 /* stb_truetype.h */,
				7CA960BB2871FA53009E0953 /* fontstash.h */,
				7CA960BC2871FA53009E0953 /* nanovg_gl_utils.h */,
				7CA960BD2871FA53009E0953 /* LICENSE.txt */,
			);
			path = "nanovg-gl";
			sourceTree = "<group>";
		};
		7CA960BE2871FABA009E0953 /* Application */ = {
			isa = PBXGroup;
			children = (
				7CA960C02871FAC6009E0953 /* Application.hpp */,
				7CA960BF2871FAC6009E0953 /* Application.cpp */,
			);
			path = Application;
			sourceTree = "<group>";
		};
		7CA9C4682882ADD600E47DB3 /* iOS */ = {
			isa = PBXGroup;
			children = (
				7CA38982288362FE005C7A91 /* Resources */,
				7CA3897328835AA1005C7A91 /* nx_application.h */,
				7CA3897428835AB8005C7A91 /* nx_application.cpp */,
				7CA9C4AF2882CE8700E47DB3 /* ios_main.h */,
				7CA9C4AD2882CE7500E47DB3 /* ios_main.mm */,
				7CA9C4AC2882CA6500E47DB3 /* ios_video.hpp */,
				7CA9C4A92882CA4800E47DB3 /* ios_video.cpp */,
				7CA9C4692882ADD600E47DB3 /* AppDelegate.h */,
				7CA9C46A2882ADD600E47DB3 /* AppDelegate.m */,
				7CA9C46C2882ADD600E47DB3 /* SceneDelegate.h */,
				7CA9C46D2882ADD600E47DB3 /* SceneDelegate.m */,
				7CA9C46F2882ADD600E47DB3 /* GLViewController.h */,
				7CA9C4702882ADD600E47DB3 /* GLViewController.m */,
				7CA9C4722882ADD600E47DB3 /* Main.storyboard */,
				7CA9C4752882ADD700E47DB3 /* Assets.xcassets */,
				7CA9C4772882ADD700E47DB3 /* LaunchScreen.storyboard */,
				7CA9C47A2882ADD700E47DB3 /* Info.plist */,
				7CA9C47B2882ADD700E47DB3 /* main.m */,
			);
			path = iOS;
			sourceTree = "<group>";
		};
		7CE9B17F2874917E00659D24 /* yoga */ = {
			isa = PBXGroup;
			children = (
				7CE9B4CD2874917F00659D24 /* src */,
			);
			path = yoga;
			sourceTree = "<group>";
		};
		7CE9B4CD2874917F00659D24 /* src */ = {
			isa = PBXGroup;
			children = (
				7CE9B4CE2874917F00659D24 /* yoga */,
			);
			path = src;
			sourceTree = "<group>";
		};
		7CE9B4CE2874917F00659D24 /* yoga */ = {
			isa = PBXGroup;
			children = (
				7CE9B4D42874917F00659D24 /* log.cpp */,
				7CE9B4D52874917F00659D24 /* Utils.cpp */,
				7CE9B4E92874917F00659D24 /* YGConfig.cpp */,
				7CE9B4E42874917F00659D24 /* YGEnums.cpp */,
				7CE9B4D82874917F00659D24 /* YGLayout.cpp */,
				7CE9B4EA2874917F00659D24 /* YGNode.cpp */,
				7CE9B4E22874917F00659D24 /* YGNodePrint.cpp */,
				7CE9B4DC2874917F00659D24 /* YGStyle.cpp */,
				7CE9B4E62874917F00659D24 /* YGValue.cpp */,
				7CE9B4DB2874917F00659D24 /* Yoga.cpp */,
				7CE9B4E72874917F00659D24 /* BitUtils.h */,
				7CE9B4D12874917F00659D24 /* CompactValue.h */,
				7CE9B4E52874917F00659D24 /* log.h */,
				7CE9B4D02874917F00659D24 /* Utils.h */,
				7CE9B4E82874917F00659D24 /* YGConfig.h */,
				7CE9B4D72874917F00659D24 /* YGEnums.h */,
				7CE9B4CF2874917F00659D24 /* YGFloatOptional.h */,
				7CE9B4D32874917F00659D24 /* YGLayout.h */,
				7CE9B4DA2874917F00659D24 /* YGMacros.h */,
				7CE9B4D92874917F00659D24 /* YGNode.h */,
				7CE9B4D62874917F00659D24 /* YGNodePrint.h */,
				7CE9B4E32874917F00659D24 /* YGStyle.h */,
				7CE9B4EB2874917F00659D24 /* YGValue.h */,
				7CE9B4D22874917F00659D24 /* Yoga-internal.h */,
				7CE9B4DD2874917F00659D24 /* Yoga.h */,
				7CE9B4EC2874917F00659D24 /* event */,
				7CE9B4DE2874917F00659D24 /* internal */,
			);
			path = yoga;
			sourceTree = "<group>";
		};
		7CE9B4DE2874917F00659D24 /* internal */ = {
			isa = PBXGroup;
			children = (
				7CE9B4DF2874917F00659D24 /* experiments.cpp */,
				7CE9B4E02874917F00659D24 /* experiments-inl.h */,
				7CE9B4E12874917F00659D24 /* experiments.h */,
			);
			path = internal;
			sourceTree = "<group>";
		};
		7CE9B4EC2874917F00659D24 /* event */ = {
			isa = PBXGroup;
			children = (
				7CE9B4ED2874917F00659D24 /* event.h */,
				7CE9B4EE2874917F00659D24 /* event.cpp */,
			);
			path = event;
			sourceTree = "<group>";
		};
		7CE9B5E5287495E400659D24 /* UIStackView */ = {
			isa = PBXGroup;
			children = (
				7CE9B5E7287495F900659D24 /* UIStackView.hpp */,
				7CE9B5E6287495F900659D24 /* UIStackView.cpp */,
			);
			path = UIStackView;
			sourceTree = "<group>";
		};
/* End PBXGroup section */

/* Begin PBXNativeTarget section */
		7CA960682871F7A2009E0953 /* NXKit */ = {
			isa = PBXNativeTarget;
			buildConfigurationList = 7CA960702871F7A2009E0953 /* Build configuration list for PBXNativeTarget "NXKit" */;
			buildPhases = (
				7CA960652871F7A2009E0953 /* Sources */,
				7CA960662871F7A2009E0953 /* Frameworks */,
				7CA960672871F7A2009E0953 /* CopyFiles */,
			);
			buildRules = (
			);
			dependencies = (
			);
			name = NXKit;
			productName = NXKit;
			productReference = 7CA960692871F7A2009E0953 /* NXKit */;
			productType = "com.apple.product-type.tool";
		};
		7CA9C4662882ADD600E47DB3 /* NXKit-iOS */ = {
			isa = PBXNativeTarget;
			buildConfigurationList = 7CA9C47F2882ADD700E47DB3 /* Build configuration list for PBXNativeTarget "NXKit-iOS" */;
			buildPhases = (
				7CA9C4632882ADD600E47DB3 /* Sources */,
				7CA9C4642882ADD600E47DB3 /* Frameworks */,
				7CA9C4652882ADD600E47DB3 /* Resources */,
			);
			buildRules = (
			);
			dependencies = (
			);
			name = "NXKit-iOS";
			productName = "NXKit-iOS";
			productReference = 7CA9C4672882ADD600E47DB3 /* NXKit-iOS.app */;
			productType = "com.apple.product-type.application";
		};
/* End PBXNativeTarget section */

/* Begin PBXProject section */
		7CA960612871F7A2009E0953 /* Project object */ = {
			isa = PBXProject;
			attributes = {
				BuildIndependentTargetsInParallel = 1;
				LastUpgradeCheck = 1400;
				TargetAttributes = {
					7CA960682871F7A2009E0953 = {
						CreatedOnToolsVersion = 14.0;
					};
					7CA9C4662882ADD600E47DB3 = {
						CreatedOnToolsVersion = 14.0;
					};
				};
			};
			buildConfigurationList = 7CA960642871F7A2009E0953 /* Build configuration list for PBXProject "NXKit" */;
			compatibilityVersion = "Xcode 13.0";
			developmentRegion = en;
			hasScannedForEncodings = 0;
			knownRegions = (
				en,
				Base,
			);
			mainGroup = 7CA960602871F7A2009E0953;
			productRefGroup = 7CA9606A2871F7A2009E0953 /* Products */;
			projectDirPath = "";
			projectRoot = "";
			targets = (
				7CA960682871F7A2009E0953 /* NXKit */,
				7CA9C4662882ADD600E47DB3 /* NXKit-iOS */,
			);
		};
/* End PBXProject section */

/* Begin PBXResourcesBuildPhase section */
		7CA9C4652882ADD600E47DB3 /* Resources */ = {
			isa = PBXResourcesBuildPhase;
			buildActionMask = 2147483647;
			files = (
				7CA9C4792882ADD700E47DB3 /* LaunchScreen.storyboard in Resources */,
				7CA9C4762882ADD700E47DB3 /* Assets.xcassets in Resources */,
				7CA9C4742882ADD600E47DB3 /* Main.storyboard in Resources */,
				7CA3898628836343005C7A91 /* Fonts in Resources */,
			);
			runOnlyForDeploymentPostprocessing = 0;
		};
/* End PBXResourcesBuildPhase section */

/* Begin PBXSourcesBuildPhase section */
		7CA960652871F7A2009E0953 /* Sources */ = {
			isa = PBXSourcesBuildPhase;
			buildActionMask = 2147483647;
			files = (
				7C888E37287F7726009A6B95 /* NXSize.cpp in Sources */,
				7CE9B5E32874917F00659D24 /* YGNode.cpp in Sources */,
				7C239633287E148700973CC0 /* NXFloat.cpp in Sources */,
				7CE9B5E02874917F00659D24 /* YGEnums.cpp in Sources */,
				7C0638F32876215100621093 /* FontManager.cpp in Sources */,
				7CE9B5D92874917F00659D24 /* log.cpp in Sources */,
				7CA960792871F8BF009E0953 /* glfw_video.cpp in Sources */,
				7C53FE4E28788D8E0091DEF9 /* UIGestureRecognizer.cpp in Sources */,
				7CA960C12871FAC6009E0953 /* Application.cpp in Sources */,
				7C0638FB2876C01900621093 /* Label.cpp in Sources */,
				7C239612287E13C100973CC0 /* Time.cpp in Sources */,
				7CE9B5DE2874917F00659D24 /* experiments.cpp in Sources */,
				7C239639287E177900973CC0 /* NXPoint.cpp in Sources */,
				7C78EBDE2873748B0082D3AC /* UIBlurView.cpp in Sources */,
				7C78EBE02873748B0082D3AC /* UIView.cpp in Sources */,
				7C0638F42876233200621093 /* main.cpp in Sources */,
				7CE9B5E42874917F00659D24 /* event.cpp in Sources */,
				7CE9B5E22874917F00659D24 /* YGConfig.cpp in Sources */,
				7C53FE522878EA220091DEF9 /* UIEvent.cpp in Sources */,
				7C23962E287E143700973CC0 /* encoding_utf.c in Sources */,
				7C78EBE12873748B0082D3AC /* UILabel.cpp in Sources */,
				7C23962F287E143700973CC0 /* compat_strl.c in Sources */,
				7C888E47288165E9009A6B95 /* ViewController.cpp in Sources */,
				7C23963D287E2BCC00973CC0 /* NXRect.cpp in Sources */,
				7C239630287E143700973CC0 /* features_cpu.c in Sources */,
				7C53FE5B2878F4E60091DEF9 /* UIWindow.cpp in Sources */,
				7C53FE4A28788AA20091DEF9 /* UITouch.cpp in Sources */,
				7C888E4B28818212009A6B95 /* UITabBarController.cpp in Sources */,
				7C78EBDF2873748B0082D3AC /* UIColor.cpp in Sources */,
				7C53FE562878ED350091DEF9 /* UIViewController.cpp in Sources */,
				7CE9B5E8287495F900659D24 /* UIStackView.cpp in Sources */,
				7CE9B5DB2874917F00659D24 /* YGLayout.cpp in Sources */,
				7CE9B5DF2874917F00659D24 /* YGNodePrint.cpp in Sources */,
				7CE9B5DD2874917F00659D24 /* YGStyle.cpp in Sources */,
				7CA960B12871F993009E0953 /* nanovg.c in Sources */,
				7CA960B22871F993009E0953 /* glad.c in Sources */,
				7C78EBE22873748B0082D3AC /* GaussianBlur.cpp in Sources */,
				7C44163C28777D9B0076663D /* UIResponder.cpp in Sources */,
				7CE9B5DC2874917F00659D24 /* Yoga.cpp in Sources */,
				7C888E4328816547009A6B95 /* UINavigationController.cpp in Sources */,
				7CE9B5DA2874917F00659D24 /* Utils.cpp in Sources */,
				7CE9B5E12874917F00659D24 /* YGValue.cpp in Sources */,
			);
			runOnlyForDeploymentPostprocessing = 0;
		};
		7CA9C4632882ADD600E47DB3 /* Sources */ = {
			isa = PBXSourcesBuildPhase;
			buildActionMask = 2147483647;
			files = (
				7CA9C4712882ADD600E47DB3 /* GLViewController.m in Sources */,
				7CA9C4A12882C83F00E47DB3 /* YGNodePrint.cpp in Sources */,
				7CA9C4A72882C84800E47DB3 /* nanovg.c in Sources */,
				7CA3897828835C0A005C7A91 /* UIWindow.cpp in Sources */,
				7CA9C48F2882C43100E47DB3 /* GaussianBlur.cpp in Sources */,
				7CA9C46B2882ADD600E47DB3 /* AppDelegate.m in Sources */,
				7CA9C4912882C43100E47DB3 /* NXFloat.cpp in Sources */,
				7CA9C48D2882C43100E47DB3 /* UITouch.cpp in Sources */,
				7CA9C4902882C43100E47DB3 /* UIEvent.cpp in Sources */,
				7CA9C4A62882C84400E47DB3 /* event.cpp in Sources */,
				7CA9C4862882C43100E47DB3 /* FontManager.cpp in Sources */,
				7CA9C4852882C41000E47DB3 /* UIBlurView.cpp in Sources */,
				7CA9C48B2882C43100E47DB3 /* UIGestureRecognizer.cpp in Sources */,
				7CA9C4822882C3F700E47DB3 /* Application.cpp in Sources */,
				7CA9C48C2882C43100E47DB3 /* UIResponder.cpp in Sources */,
				7CA9C4952882C43100E47DB3 /* UINavigationController.cpp in Sources */,
				7CA9C4992882C83800E47DB3 /* encoding_utf.c in Sources */,
				7CA3897728835B5F005C7A91 /* nx_application.cpp in Sources */,
				7CA9C49F2882C83F00E47DB3 /* YGStyle.cpp in Sources */,
				7CA9C4A22882C83F00E47DB3 /* YGEnums.cpp in Sources */,
				7CA9C48E2882C43100E47DB3 /* Time.cpp in Sources */,
				7CA9C4A82882C84E00E47DB3 /* glad.c in Sources */,
				7CA9C4872882C43100E47DB3 /* UILabel.cpp in Sources */,
				7CA9C47C2882ADD700E47DB3 /* main.m in Sources */,
				7CA9C4A02882C83F00E47DB3 /* YGValue.cpp in Sources */,
				7CA9C4892882C43100E47DB3 /* UITabBarController.cpp in Sources */,
				7CA9C4842882C40500E47DB3 /* UIView.cpp in Sources */,
				7CA9C4A52882C84400E47DB3 /* experiments.cpp in Sources */,
				7CA9C4A42882C83F00E47DB3 /* Yoga.cpp in Sources */,
				7CA9C4922882C43100E47DB3 /* NXPoint.cpp in Sources */,
				7CA9C49C2882C83F00E47DB3 /* YGConfig.cpp in Sources */,
				7CA9C4982882C83800E47DB3 /* compat_strl.c in Sources */,
				7CA9C4A32882C83F00E47DB3 /* YGNode.cpp in Sources */,
				7CA9C49D2882C83F00E47DB3 /* YGLayout.cpp in Sources */,
				7CA9C4942882C43100E47DB3 /* UIColor.cpp in Sources */,
				7CA9C49A2882C83800E47DB3 /* features_cpu.c in Sources */,
				7CA9C4962882C43100E47DB3 /* NXRect.cpp in Sources */,
				7CA9C49B2882C83F00E47DB3 /* Utils.cpp in Sources */,
				7CA9C4882882C43100E47DB3 /* UIViewController.cpp in Sources */,
				7CA9C4932882C43100E47DB3 /* NXSize.cpp in Sources */,
				7CA9C46E2882ADD600E47DB3 /* SceneDelegate.m in Sources */,
				7CA389722882F8C6005C7A91 /* ios_main.mm in Sources */,
				7CA9C4B62882D31900E47DB3 /* ios_video.cpp in Sources */,
				7CA9C48A2882C43100E47DB3 /* UIStackView.cpp in Sources */,
				7CA9C49E2882C83F00E47DB3 /* log.cpp in Sources */,
			);
			runOnlyForDeploymentPostprocessing = 0;
		};
/* End PBXSourcesBuildPhase section */

/* Begin PBXVariantGroup section */
		7CA9C4722882ADD600E47DB3 /* Main.storyboard */ = {
			isa = PBXVariantGroup;
			children = (
				7CA9C4732882ADD600E47DB3 /* Base */,
			);
			name = Main.storyboard;
			sourceTree = "<group>";
		};
		7CA9C4772882ADD700E47DB3 /* LaunchScreen.storyboard */ = {
			isa = PBXVariantGroup;
			children = (
				7CA9C4782882ADD700E47DB3 /* Base */,
			);
			name = LaunchScreen.storyboard;
			sourceTree = "<group>";
		};
/* End PBXVariantGroup section */

/* Begin XCBuildConfiguration section */
		7CA9606E2871F7A2009E0953 /* Debug */ = {
			isa = XCBuildConfiguration;
			buildSettings = {
				ALWAYS_SEARCH_USER_PATHS = NO;
				CLANG_ANALYZER_NONNULL = YES;
				CLANG_ANALYZER_NUMBER_OBJECT_CONVERSION = YES_AGGRESSIVE;
				CLANG_CXX_LANGUAGE_STANDARD = "gnu++17";
				CLANG_ENABLE_MODULES = YES;
				CLANG_ENABLE_OBJC_ARC = YES;
				CLANG_ENABLE_OBJC_WEAK = YES;
				CLANG_WARN_BLOCK_CAPTURE_AUTORELEASING = YES;
				CLANG_WARN_BOOL_CONVERSION = YES;
				CLANG_WARN_COMMA = YES;
				CLANG_WARN_CONSTANT_CONVERSION = YES;
				CLANG_WARN_DEPRECATED_OBJC_IMPLEMENTATIONS = YES;
				CLANG_WARN_DIRECT_OBJC_ISA_USAGE = YES_ERROR;
				CLANG_WARN_DOCUMENTATION_COMMENTS = YES;
				CLANG_WARN_EMPTY_BODY = YES;
				CLANG_WARN_ENUM_CONVERSION = YES;
				CLANG_WARN_INFINITE_RECURSION = YES;
				CLANG_WARN_INT_CONVERSION = YES;
				CLANG_WARN_NON_LITERAL_NULL_CONVERSION = YES;
				CLANG_WARN_OBJC_IMPLICIT_RETAIN_SELF = YES;
				CLANG_WARN_OBJC_LITERAL_CONVERSION = YES;
				CLANG_WARN_OBJC_ROOT_CLASS = YES_ERROR;
				CLANG_WARN_QUOTED_INCLUDE_IN_FRAMEWORK_HEADER = YES;
				CLANG_WARN_RANGE_LOOP_ANALYSIS = YES;
				CLANG_WARN_STRICT_PROTOTYPES = YES;
				CLANG_WARN_SUSPICIOUS_MOVE = YES;
				CLANG_WARN_UNGUARDED_AVAILABILITY = YES_AGGRESSIVE;
				CLANG_WARN_UNREACHABLE_CODE = YES;
				CLANG_WARN__DUPLICATE_METHOD_MATCH = YES;
				COPY_PHASE_STRIP = NO;
				DEBUG_INFORMATION_FORMAT = dwarf;
				ENABLE_STRICT_OBJC_MSGSEND = YES;
				ENABLE_TESTABILITY = YES;
				GCC_C_LANGUAGE_STANDARD = gnu11;
				GCC_DYNAMIC_NO_PIC = NO;
				GCC_NO_COMMON_BLOCKS = YES;
				GCC_OPTIMIZATION_LEVEL = 0;
				GCC_PREPROCESSOR_DEFINITIONS = YG_ENABLE_EVENTS;
				GCC_WARN_64_TO_32_BIT_CONVERSION = YES;
				GCC_WARN_ABOUT_RETURN_TYPE = YES_ERROR;
				GCC_WARN_UNDECLARED_SELECTOR = YES;
				GCC_WARN_UNINITIALIZED_AUTOS = YES_AGGRESSIVE;
				GCC_WARN_UNUSED_FUNCTION = YES;
				GCC_WARN_UNUSED_VARIABLE = YES;
				HEADER_SEARCH_PATHS = (
					NXKit/lib/extern/include,
					"NXKit/lib/extern/include/nanovg-gl",
					NXKit/lib/extern/lib/yoga/src,
				);
				MACOSX_DEPLOYMENT_TARGET = 12.4;
				MTL_ENABLE_DEBUG_INFO = INCLUDE_SOURCE;
				MTL_FAST_MATH = YES;
				ONLY_ACTIVE_ARCH = YES;
				SDKROOT = macosx;
			};
			name = Debug;
		};
		7CA9606F2871F7A2009E0953 /* Release */ = {
			isa = XCBuildConfiguration;
			buildSettings = {
				ALWAYS_SEARCH_USER_PATHS = NO;
				CLANG_ANALYZER_NONNULL = YES;
				CLANG_ANALYZER_NUMBER_OBJECT_CONVERSION = YES_AGGRESSIVE;
				CLANG_CXX_LANGUAGE_STANDARD = "gnu++17";
				CLANG_ENABLE_MODULES = YES;
				CLANG_ENABLE_OBJC_ARC = YES;
				CLANG_ENABLE_OBJC_WEAK = YES;
				CLANG_WARN_BLOCK_CAPTURE_AUTORELEASING = YES;
				CLANG_WARN_BOOL_CONVERSION = YES;
				CLANG_WARN_COMMA = YES;
				CLANG_WARN_CONSTANT_CONVERSION = YES;
				CLANG_WARN_DEPRECATED_OBJC_IMPLEMENTATIONS = YES;
				CLANG_WARN_DIRECT_OBJC_ISA_USAGE = YES_ERROR;
				CLANG_WARN_DOCUMENTATION_COMMENTS = YES;
				CLANG_WARN_EMPTY_BODY = YES;
				CLANG_WARN_ENUM_CONVERSION = YES;
				CLANG_WARN_INFINITE_RECURSION = YES;
				CLANG_WARN_INT_CONVERSION = YES;
				CLANG_WARN_NON_LITERAL_NULL_CONVERSION = YES;
				CLANG_WARN_OBJC_IMPLICIT_RETAIN_SELF = YES;
				CLANG_WARN_OBJC_LITERAL_CONVERSION = YES;
				CLANG_WARN_OBJC_ROOT_CLASS = YES_ERROR;
				CLANG_WARN_QUOTED_INCLUDE_IN_FRAMEWORK_HEADER = YES;
				CLANG_WARN_RANGE_LOOP_ANALYSIS = YES;
				CLANG_WARN_STRICT_PROTOTYPES = YES;
				CLANG_WARN_SUSPICIOUS_MOVE = YES;
				CLANG_WARN_UNGUARDED_AVAILABILITY = YES_AGGRESSIVE;
				CLANG_WARN_UNREACHABLE_CODE = YES;
				CLANG_WARN__DUPLICATE_METHOD_MATCH = YES;
				COPY_PHASE_STRIP = NO;
				DEBUG_INFORMATION_FORMAT = "dwarf-with-dsym";
				ENABLE_NS_ASSERTIONS = NO;
				ENABLE_STRICT_OBJC_MSGSEND = YES;
				GCC_C_LANGUAGE_STANDARD = gnu11;
				GCC_NO_COMMON_BLOCKS = YES;
				GCC_PREPROCESSOR_DEFINITIONS = YG_ENABLE_EVENTS;
				GCC_WARN_64_TO_32_BIT_CONVERSION = YES;
				GCC_WARN_ABOUT_RETURN_TYPE = YES_ERROR;
				GCC_WARN_UNDECLARED_SELECTOR = YES;
				GCC_WARN_UNINITIALIZED_AUTOS = YES_AGGRESSIVE;
				GCC_WARN_UNUSED_FUNCTION = YES;
				GCC_WARN_UNUSED_VARIABLE = YES;
				HEADER_SEARCH_PATHS = (
					NXKit/lib/extern/include,
					"NXKit/lib/extern/include/nanovg-gl",
					NXKit/lib/extern/lib/yoga/src,
				);
				MACOSX_DEPLOYMENT_TARGET = 12.4;
				MTL_ENABLE_DEBUG_INFO = NO;
				MTL_FAST_MATH = YES;
				SDKROOT = macosx;
			};
			name = Release;
		};
		7CA960712871F7A2009E0953 /* Debug */ = {
			isa = XCBuildConfiguration;
			buildSettings = {
				CODE_SIGN_ENTITLEMENTS = NXKit/NXKit.entitlements;
				CODE_SIGN_STYLE = Automatic;
				DEVELOPMENT_TEAM = D59DHVRS87;
				ENABLE_HARDENED_RUNTIME = YES;
				HEADER_SEARCH_PATHS = (
					NXKit/lib/extern/include,
					"NXKit/lib/extern/include/nanovg-gl",
					NXKit/lib/extern/lib/yoga/src,
					/opt/homebrew/include,
				);
				LIBRARY_SEARCH_PATHS = /opt/homebrew/lib;
				MACOSX_DEPLOYMENT_TARGET = 12.3;
				OTHER_LDFLAGS = "-lglfw";
				PRODUCT_NAME = "$(TARGET_NAME)";
			};
			name = Debug;
		};
		7CA960722871F7A2009E0953 /* Release */ = {
			isa = XCBuildConfiguration;
			buildSettings = {
				CODE_SIGN_ENTITLEMENTS = NXKit/NXKit.entitlements;
				CODE_SIGN_STYLE = Automatic;
				DEVELOPMENT_TEAM = D59DHVRS87;
				ENABLE_HARDENED_RUNTIME = YES;
				HEADER_SEARCH_PATHS = (
					NXKit/lib/extern/include,
					"NXKit/lib/extern/include/nanovg-gl",
					NXKit/lib/extern/lib/yoga/src,
					/opt/homebrew/include,
				);
				LIBRARY_SEARCH_PATHS = /opt/homebrew/lib;
				MACOSX_DEPLOYMENT_TARGET = 12.3;
				OTHER_LDFLAGS = "-lglfw";
				PRODUCT_NAME = "$(TARGET_NAME)";
			};
			name = Release;
		};
		7CA9C47D2882ADD700E47DB3 /* Debug */ = {
			isa = XCBuildConfiguration;
			buildSettings = {
				ASSETCATALOG_COMPILER_APPICON_NAME = AppIcon;
				ASSETCATALOG_COMPILER_GLOBAL_ACCENT_COLOR_NAME = AccentColor;
				CODE_SIGN_STYLE = Automatic;
				CURRENT_PROJECT_VERSION = 1;
				DEVELOPMENT_TEAM = D59DHVRS87;
				GCC_PREPROCESSOR_DEFINITIONS = (
					"DEBUG=1",
					"$(inherited)",
				);
				GENERATE_INFOPLIST_FILE = YES;
				INFOPLIST_FILE = NXKit/lib/Platforms/iOS/Info.plist;
				INFOPLIST_KEY_UIApplicationSupportsIndirectInputEvents = YES;
				INFOPLIST_KEY_UILaunchStoryboardName = LaunchScreen;
				INFOPLIST_KEY_UIMainStoryboardFile = Main;
				INFOPLIST_KEY_UISupportedInterfaceOrientations_iPad = "UIInterfaceOrientationPortrait UIInterfaceOrientationPortraitUpsideDown UIInterfaceOrientationLandscapeLeft UIInterfaceOrientationLandscapeRight";
				INFOPLIST_KEY_UISupportedInterfaceOrientations_iPhone = "UIInterfaceOrientationPortrait UIInterfaceOrientationLandscapeLeft UIInterfaceOrientationLandscapeRight";
				IPHONEOS_DEPLOYMENT_TARGET = 11.0;
				LD_RUNPATH_SEARCH_PATHS = (
					"$(inherited)",
					"@executable_path/Frameworks",
				);
				MARKETING_VERSION = 1.0;
				PRODUCT_BUNDLE_IDENTIFIER = "ru.xitrix.NXKit-iOS";
				PRODUCT_NAME = "$(TARGET_NAME)";
				SDKROOT = iphoneos;
				SUPPORTED_PLATFORMS = "iphoneos iphonesimulator";
				SUPPORTS_MACCATALYST = NO;
				SUPPORTS_MAC_DESIGNED_FOR_IPHONE_IPAD = YES;
				SWIFT_EMIT_LOC_STRINGS = YES;
				TARGETED_DEVICE_FAMILY = "1,2";
			};
			name = Debug;
		};
		7CA9C47E2882ADD700E47DB3 /* Release */ = {
			isa = XCBuildConfiguration;
			buildSettings = {
				ASSETCATALOG_COMPILER_APPICON_NAME = AppIcon;
				ASSETCATALOG_COMPILER_GLOBAL_ACCENT_COLOR_NAME = AccentColor;
				CODE_SIGN_STYLE = Automatic;
				CURRENT_PROJECT_VERSION = 1;
				DEVELOPMENT_TEAM = D59DHVRS87;
				GENERATE_INFOPLIST_FILE = YES;
				INFOPLIST_FILE = NXKit/lib/Platforms/iOS/Info.plist;
				INFOPLIST_KEY_UIApplicationSupportsIndirectInputEvents = YES;
				INFOPLIST_KEY_UILaunchStoryboardName = LaunchScreen;
				INFOPLIST_KEY_UIMainStoryboardFile = Main;
				INFOPLIST_KEY_UISupportedInterfaceOrientations_iPad = "UIInterfaceOrientationPortrait UIInterfaceOrientationPortraitUpsideDown UIInterfaceOrientationLandscapeLeft UIInterfaceOrientationLandscapeRight";
				INFOPLIST_KEY_UISupportedInterfaceOrientations_iPhone = "UIInterfaceOrientationPortrait UIInterfaceOrientationLandscapeLeft UIInterfaceOrientationLandscapeRight";
				IPHONEOS_DEPLOYMENT_TARGET = 11.0;
				LD_RUNPATH_SEARCH_PATHS = (
					"$(inherited)",
					"@executable_path/Frameworks",
				);
				MARKETING_VERSION = 1.0;
				PRODUCT_BUNDLE_IDENTIFIER = "ru.xitrix.NXKit-iOS";
				PRODUCT_NAME = "$(TARGET_NAME)";
				SDKROOT = iphoneos;
				SUPPORTED_PLATFORMS = "iphoneos iphonesimulator";
				SUPPORTS_MACCATALYST = NO;
				SUPPORTS_MAC_DESIGNED_FOR_IPHONE_IPAD = YES;
				SWIFT_EMIT_LOC_STRINGS = YES;
				TARGETED_DEVICE_FAMILY = "1,2";
				VALIDATE_PRODUCT = YES;
			};
			name = Release;
		};
/* End XCBuildConfiguration section */

/* Begin XCConfigurationList section */
		7CA960642871F7A2009E0953 /* Build configuration list for PBXProject "NXKit" */ = {
			isa = XCConfigurationList;
			buildConfigurations = (
				7CA9606E2871F7A2009E0953 /* Debug */,
				7CA9606F2871F7A2009E0953 /* Release */,
			);
			defaultConfigurationIsVisible = 0;
			defaultConfigurationName = Release;
		};
		7CA960702871F7A2009E0953 /* Build configuration list for PBXNativeTarget "NXKit" */ = {
			isa = XCConfigurationList;
			buildConfigurations = (
				7CA960712871F7A2009E0953 /* Debug */,
				7CA960722871F7A2009E0953 /* Release */,
			);
			defaultConfigurationIsVisible = 0;
			defaultConfigurationName = Release;
		};
		7CA9C47F2882ADD700E47DB3 /* Build configuration list for PBXNativeTarget "NXKit-iOS" */ = {
			isa = XCConfigurationList;
			buildConfigurations = (
				7CA9C47D2882ADD700E47DB3 /* Debug */,
				7CA9C47E2882ADD700E47DB3 /* Release */,
			);
			defaultConfigurationIsVisible = 0;
			defaultConfigurationName = Release;
		};
/* End XCConfigurationList section */
	};
	rootObject = 7CA960612871F7A2009E0953 /* Project object */;
}
