// !$*UTF8*$!
{
	archiveVersion = 1;
	classes = {
	};
	objectVersion = 55;
	objects = {

/* Begin PBXBuildFile section */
		7C0638F32876215100621093 /* FontManager.cpp in Sources */ = {isa = PBXBuildFile; fileRef = 7C0638F12876215100621093 /* FontManager.cpp */; };
		7C0638F42876233200621093 /* main2.cpp in Sources */ = {isa = PBXBuildFile; fileRef = 7CE9B5E92874EA4000659D24 /* main2.cpp */; };
		7C0638FB2876C01900621093 /* Label.cpp in Sources */ = {isa = PBXBuildFile; fileRef = 7C0638F92876C01900621093 /* Label.cpp */; };
		7C44163C28777D9B0076663D /* UIResponder.cpp in Sources */ = {isa = PBXBuildFile; fileRef = 7C44163A28777D9B0076663D /* UIResponder.cpp */; };
		7C53FE4A28788AA20091DEF9 /* UITouch.cpp in Sources */ = {isa = PBXBuildFile; fileRef = 7C53FE4828788AA20091DEF9 /* UITouch.cpp */; };
		7C53FE4E28788D8E0091DEF9 /* UIGestureRecognizer.cpp in Sources */ = {isa = PBXBuildFile; fileRef = 7C53FE4C28788D8E0091DEF9 /* UIGestureRecognizer.cpp */; };
		7C53FE522878EA220091DEF9 /* UIEvent.cpp in Sources */ = {isa = PBXBuildFile; fileRef = 7C53FE502878EA220091DEF9 /* UIEvent.cpp */; };
		7C53FE562878ED350091DEF9 /* UIViewController.cpp in Sources */ = {isa = PBXBuildFile; fileRef = 7C53FE542878ED350091DEF9 /* UIViewController.cpp */; };
		7C53FE5B2878F4E60091DEF9 /* UIWindow.cpp in Sources */ = {isa = PBXBuildFile; fileRef = 7C53FE592878F4E60091DEF9 /* UIWindow.cpp */; };
		7C78EBDE2873748B0082D3AC /* UIBlurView.cpp in Sources */ = {isa = PBXBuildFile; fileRef = 7C78EBCE2873748B0082D3AC /* UIBlurView.cpp */; };
		7C78EBDF2873748B0082D3AC /* UIColor.cpp in Sources */ = {isa = PBXBuildFile; fileRef = 7C78EBD12873748B0082D3AC /* UIColor.cpp */; };
		7C78EBE02873748B0082D3AC /* UIView.cpp in Sources */ = {isa = PBXBuildFile; fileRef = 7C78EBD32873748B0082D3AC /* UIView.cpp */; };
		7C78EBE12873748B0082D3AC /* UILabel.cpp in Sources */ = {isa = PBXBuildFile; fileRef = 7C78EBD82873748B0082D3AC /* UILabel.cpp */; };
		7C78EBE22873748B0082D3AC /* GaussianBlur.cpp in Sources */ = {isa = PBXBuildFile; fileRef = 7C78EBDD2873748B0082D3AC /* GaussianBlur.cpp */; };
		7C78EBE8287386070082D3AC /* OpenGL.framework in Frameworks */ = {isa = PBXBuildFile; fileRef = 7C78EBE7287386070082D3AC /* OpenGL.framework */; };
		7CA960792871F8BF009E0953 /* glfw_video.cpp in Sources */ = {isa = PBXBuildFile; fileRef = 7CA960762871F8BF009E0953 /* glfw_video.cpp */; };
		7CA960B12871F993009E0953 /* nanovg.c in Sources */ = {isa = PBXBuildFile; fileRef = 7CA960882871F993009E0953 /* nanovg.c */; };
		7CA960B22871F993009E0953 /* glad.c in Sources */ = {isa = PBXBuildFile; fileRef = 7CA9608A2871F993009E0953 /* glad.c */; };
		7CA960C12871FAC6009E0953 /* Application.cpp in Sources */ = {isa = PBXBuildFile; fileRef = 7CA960BF2871FAC6009E0953 /* Application.cpp */; };
		7CE9B5D92874917F00659D24 /* log.cpp in Sources */ = {isa = PBXBuildFile; fileRef = 7CE9B4D42874917F00659D24 /* log.cpp */; };
		7CE9B5DA2874917F00659D24 /* Utils.cpp in Sources */ = {isa = PBXBuildFile; fileRef = 7CE9B4D52874917F00659D24 /* Utils.cpp */; };
		7CE9B5DB2874917F00659D24 /* YGLayout.cpp in Sources */ = {isa = PBXBuildFile; fileRef = 7CE9B4D82874917F00659D24 /* YGLayout.cpp */; };
		7CE9B5DC2874917F00659D24 /* Yoga.cpp in Sources */ = {isa = PBXBuildFile; fileRef = 7CE9B4DB2874917F00659D24 /* Yoga.cpp */; };
		7CE9B5DD2874917F00659D24 /* YGStyle.cpp in Sources */ = {isa = PBXBuildFile; fileRef = 7CE9B4DC2874917F00659D24 /* YGStyle.cpp */; };
		7CE9B5DE2874917F00659D24 /* experiments.cpp in Sources */ = {isa = PBXBuildFile; fileRef = 7CE9B4DF2874917F00659D24 /* experiments.cpp */; };
		7CE9B5DF2874917F00659D24 /* YGNodePrint.cpp in Sources */ = {isa = PBXBuildFile; fileRef = 7CE9B4E22874917F00659D24 /* YGNodePrint.cpp */; };
		7CE9B5E02874917F00659D24 /* YGEnums.cpp in Sources */ = {isa = PBXBuildFile; fileRef = 7CE9B4E42874917F00659D24 /* YGEnums.cpp */; };
		7CE9B5E12874917F00659D24 /* YGValue.cpp in Sources */ = {isa = PBXBuildFile; fileRef = 7CE9B4E62874917F00659D24 /* YGValue.cpp */; };
		7CE9B5E22874917F00659D24 /* YGConfig.cpp in Sources */ = {isa = PBXBuildFile; fileRef = 7CE9B4E92874917F00659D24 /* YGConfig.cpp */; };
		7CE9B5E32874917F00659D24 /* YGNode.cpp in Sources */ = {isa = PBXBuildFile; fileRef = 7CE9B4EA2874917F00659D24 /* YGNode.cpp */; };
		7CE9B5E42874917F00659D24 /* event.cpp in Sources */ = {isa = PBXBuildFile; fileRef = 7CE9B4EE2874917F00659D24 /* event.cpp */; };
		7CE9B5E8287495F900659D24 /* UIStackView.cpp in Sources */ = {isa = PBXBuildFile; fileRef = 7CE9B5E6287495F900659D24 /* UIStackView.cpp */; };
/* End PBXBuildFile section */

/* Begin PBXCopyFilesBuildPhase section */
		7CA960672871F7A2009E0953 /* CopyFiles */ = {
			isa = PBXCopyFilesBuildPhase;
			buildActionMask = 2147483647;
			dstPath = /usr/share/man/man1/;
			dstSubfolderSpec = 0;
			files = (
			);
			runOnlyForDeploymentPostprocessing = 1;
		};
/* End PBXCopyFilesBuildPhase section */

/* Begin PBXFileReference section */
		7C0638F12876215100621093 /* FontManager.cpp */ = {isa = PBXFileReference; lastKnownFileType = sourcecode.cpp.cpp; path = FontManager.cpp; sourceTree = "<group>"; };
		7C0638F22876215100621093 /* FontManager.hpp */ = {isa = PBXFileReference; lastKnownFileType = sourcecode.cpp.h; path = FontManager.hpp; sourceTree = "<group>"; };
		7C0638F92876C01900621093 /* Label.cpp */ = {isa = PBXFileReference; lastKnownFileType = sourcecode.cpp.cpp; path = Label.cpp; sourceTree = "<group>"; };
		7C0638FA2876C01900621093 /* Label.hpp */ = {isa = PBXFileReference; lastKnownFileType = sourcecode.cpp.h; path = Label.hpp; sourceTree = "<group>"; };
		7C44163A28777D9B0076663D /* UIResponder.cpp */ = {isa = PBXFileReference; lastKnownFileType = sourcecode.cpp.cpp; path = UIResponder.cpp; sourceTree = "<group>"; };
		7C44163B28777D9B0076663D /* UIResponder.hpp */ = {isa = PBXFileReference; lastKnownFileType = sourcecode.cpp.h; path = UIResponder.hpp; sourceTree = "<group>"; };
		7C53FE4828788AA20091DEF9 /* UITouch.cpp */ = {isa = PBXFileReference; lastKnownFileType = sourcecode.cpp.cpp; path = UITouch.cpp; sourceTree = "<group>"; };
		7C53FE4928788AA20091DEF9 /* UITouch.hpp */ = {isa = PBXFileReference; lastKnownFileType = sourcecode.cpp.h; path = UITouch.hpp; sourceTree = "<group>"; };
		7C53FE4C28788D8E0091DEF9 /* UIGestureRecognizer.cpp */ = {isa = PBXFileReference; lastKnownFileType = sourcecode.cpp.cpp; path = UIGestureRecognizer.cpp; sourceTree = "<group>"; };
		7C53FE4D28788D8E0091DEF9 /* UIGestureRecognizer.hpp */ = {isa = PBXFileReference; lastKnownFileType = sourcecode.cpp.h; path = UIGestureRecognizer.hpp; sourceTree = "<group>"; };
		7C53FE502878EA220091DEF9 /* UIEvent.cpp */ = {isa = PBXFileReference; lastKnownFileType = sourcecode.cpp.cpp; path = UIEvent.cpp; sourceTree = "<group>"; };
		7C53FE512878EA220091DEF9 /* UIEvent.hpp */ = {isa = PBXFileReference; lastKnownFileType = sourcecode.cpp.h; path = UIEvent.hpp; sourceTree = "<group>"; };
		7C53FE542878ED350091DEF9 /* UIViewController.cpp */ = {isa = PBXFileReference; lastKnownFileType = sourcecode.cpp.cpp; path = UIViewController.cpp; sourceTree = "<group>"; };
		7C53FE552878ED350091DEF9 /* UIViewController.hpp */ = {isa = PBXFileReference; lastKnownFileType = sourcecode.cpp.h; path = UIViewController.hpp; sourceTree = "<group>"; };
		7C53FE572878F13D0091DEF9 /* NXKit.hpp */ = {isa = PBXFileReference; lastKnownFileType = sourcecode.cpp.h; path = NXKit.hpp; sourceTree = "<group>"; };
		7C53FE592878F4E60091DEF9 /* UIWindow.cpp */ = {isa = PBXFileReference; lastKnownFileType = sourcecode.cpp.cpp; path = UIWindow.cpp; sourceTree = "<group>"; };
		7C53FE5A2878F4E60091DEF9 /* UIWindow.hpp */ = {isa = PBXFileReference; lastKnownFileType = sourcecode.cpp.h; path = UIWindow.hpp; sourceTree = "<group>"; };
		7C78EBCD2873748B0082D3AC /* UIBlurView.hpp */ = {isa = PBXFileReference; fileEncoding = 4; lastKnownFileType = sourcecode.cpp.h; path = UIBlurView.hpp; sourceTree = "<group>"; };
		7C78EBCE2873748B0082D3AC /* UIBlurView.cpp */ = {isa = PBXFileReference; fileEncoding = 4; lastKnownFileType = sourcecode.cpp.cpp; path = UIBlurView.cpp; sourceTree = "<group>"; };
		7C78EBD02873748B0082D3AC /* UIColor.hpp */ = {isa = PBXFileReference; fileEncoding = 4; lastKnownFileType = sourcecode.cpp.h; path = UIColor.hpp; sourceTree = "<group>"; };
		7C78EBD12873748B0082D3AC /* UIColor.cpp */ = {isa = PBXFileReference; fileEncoding = 4; lastKnownFileType = sourcecode.cpp.cpp; path = UIColor.cpp; sourceTree = "<group>"; };
		7C78EBD32873748B0082D3AC /* UIView.cpp */ = {isa = PBXFileReference; fileEncoding = 4; lastKnownFileType = sourcecode.cpp.cpp; path = UIView.cpp; sourceTree = "<group>"; };
		7C78EBD42873748B0082D3AC /* UIView.hpp */ = {isa = PBXFileReference; fileEncoding = 4; lastKnownFileType = sourcecode.cpp.h; path = UIView.hpp; sourceTree = "<group>"; };
		7C78EBD62873748B0082D3AC /* Geometry.hpp */ = {isa = PBXFileReference; fileEncoding = 4; lastKnownFileType = sourcecode.cpp.h; path = Geometry.hpp; sourceTree = "<group>"; };
		7C78EBD82873748B0082D3AC /* UILabel.cpp */ = {isa = PBXFileReference; fileEncoding = 4; lastKnownFileType = sourcecode.cpp.cpp; path = UILabel.cpp; sourceTree = "<group>"; };
		7C78EBD92873748B0082D3AC /* UILabel.hpp */ = {isa = PBXFileReference; fileEncoding = 4; lastKnownFileType = sourcecode.cpp.h; path = UILabel.hpp; sourceTree = "<group>"; };
		7C78EBDC2873748B0082D3AC /* GaussianBlur.hpp */ = {isa = PBXFileReference; fileEncoding = 4; lastKnownFileType = sourcecode.cpp.h; path = GaussianBlur.hpp; sourceTree = "<group>"; };
		7C78EBDD2873748B0082D3AC /* GaussianBlur.cpp */ = {isa = PBXFileReference; fileEncoding = 4; lastKnownFileType = sourcecode.cpp.cpp; path = GaussianBlur.cpp; sourceTree = "<group>"; };
		7C78EBE7287386070082D3AC /* OpenGL.framework */ = {isa = PBXFileReference; lastKnownFileType = wrapper.framework; name = OpenGL.framework; path = System/Library/Frameworks/OpenGL.framework; sourceTree = SDKROOT; };
		7CA960692871F7A2009E0953 /* NXKit */ = {isa = PBXFileReference; explicitFileType = "compiled.mach-o.executable"; includeInIndex = 0; path = NXKit; sourceTree = BUILT_PRODUCTS_DIR; };
		7CA9606C2871F7A2009E0953 /* main.cpp */ = {isa = PBXFileReference; lastKnownFileType = sourcecode.cpp.cpp; path = main.cpp; sourceTree = "<group>"; };
		7CA960762871F8BF009E0953 /* glfw_video.cpp */ = {isa = PBXFileReference; fileEncoding = 4; lastKnownFileType = sourcecode.cpp.cpp; path = glfw_video.cpp; sourceTree = "<group>"; };
		7CA960772871F8BF009E0953 /* glfw_video.hpp */ = {isa = PBXFileReference; fileEncoding = 4; lastKnownFileType = sourcecode.cpp.h; path = glfw_video.hpp; sourceTree = "<group>"; };
		7CA960782871F8BF009E0953 /* video.hpp */ = {isa = PBXFileReference; fileEncoding = 4; lastKnownFileType = sourcecode.cpp.h; path = video.hpp; sourceTree = "<group>"; };
		7CA960872871F993009E0953 /* LICENSE.txt */ = {isa = PBXFileReference; fileEncoding = 4; lastKnownFileType = text; path = LICENSE.txt; sourceTree = "<group>"; };
		7CA960882871F993009E0953 /* nanovg.c */ = {isa = PBXFileReference; fileEncoding = 4; lastKnownFileType = sourcecode.c.c; path = nanovg.c; sourceTree = "<group>"; };
		7CA9608A2871F993009E0953 /* glad.c */ = {isa = PBXFileReference; fileEncoding = 4; lastKnownFileType = sourcecode.c.c; path = glad.c; sourceTree = "<group>"; };
		7CA960952871F993009E0953 /* glad.h */ = {isa = PBXFileReference; fileEncoding = 4; lastKnownFileType = sourcecode.c.h; path = glad.h; sourceTree = "<group>"; };
		7CA960B72871FA53009E0953 /* nanovg_gl.h */ = {isa = PBXFileReference; fileEncoding = 4; lastKnownFileType = sourcecode.c.h; path = nanovg_gl.h; sourceTree = "<group>"; };
		7CA960B82871FA53009E0953 /* nanovg.h */ = {isa = PBXFileReference; fileEncoding = 4; lastKnownFileType = sourcecode.c.h; path = nanovg.h; sourceTree = "<group>"; };
		7CA960B92871FA53009E0953 /* stb_image.h */ = {isa = PBXFileReference; fileEncoding = 4; lastKnownFileType = sourcecode.c.h; path = stb_image.h; sourceTree = "<group>"; };
		7CA960BA2871FA53009E0953 /* stb_truetype.h */ = {isa = PBXFileReference; fileEncoding = 4; lastKnownFileType = sourcecode.c.h; path = stb_truetype.h; sourceTree = "<group>"; };
		7CA960BB2871FA53009E0953 /* fontstash.h */ = {isa = PBXFileReference; fileEncoding = 4; lastKnownFileType = sourcecode.c.h; path = fontstash.h; sourceTree = "<group>"; };
		7CA960BC2871FA53009E0953 /* nanovg_gl_utils.h */ = {isa = PBXFileReference; fileEncoding = 4; lastKnownFileType = sourcecode.c.h; path = nanovg_gl_utils.h; sourceTree = "<group>"; };
		7CA960BD2871FA53009E0953 /* LICENSE.txt */ = {isa = PBXFileReference; fileEncoding = 4; lastKnownFileType = text; path = LICENSE.txt; sourceTree = "<group>"; };
		7CA960BF2871FAC6009E0953 /* Application.cpp */ = {isa = PBXFileReference; lastKnownFileType = sourcecode.cpp.cpp; path = Application.cpp; sourceTree = "<group>"; };
		7CA960C02871FAC6009E0953 /* Application.hpp */ = {isa = PBXFileReference; lastKnownFileType = sourcecode.cpp.h; path = Application.hpp; sourceTree = "<group>"; };
		7CA960C22871FCC2009E0953 /* NXKit.entitlements */ = {isa = PBXFileReference; lastKnownFileType = text.plist.entitlements; path = NXKit.entitlements; sourceTree = "<group>"; };
		7CE9B4CF2874917F00659D24 /* YGFloatOptional.h */ = {isa = PBXFileReference; fileEncoding = 4; lastKnownFileType = sourcecode.c.h; path = YGFloatOptional.h; sourceTree = "<group>"; };
		7CE9B4D02874917F00659D24 /* Utils.h */ = {isa = PBXFileReference; fileEncoding = 4; lastKnownFileType = sourcecode.c.h; path = Utils.h; sourceTree = "<group>"; };
		7CE9B4D12874917F00659D24 /* CompactValue.h */ = {isa = PBXFileReference; fileEncoding = 4; lastKnownFileType = sourcecode.c.h; path = CompactValue.h; sourceTree = "<group>"; };
		7CE9B4D22874917F00659D24 /* Yoga-internal.h */ = {isa = PBXFileReference; fileEncoding = 4; lastKnownFileType = sourcecode.c.h; path = "Yoga-internal.h"; sourceTree = "<group>"; };
		7CE9B4D32874917F00659D24 /* YGLayout.h */ = {isa = PBXFileReference; fileEncoding = 4; lastKnownFileType = sourcecode.c.h; path = YGLayout.h; sourceTree = "<group>"; };
		7CE9B4D42874917F00659D24 /* log.cpp */ = {isa = PBXFileReference; fileEncoding = 4; lastKnownFileType = sourcecode.cpp.cpp; path = log.cpp; sourceTree = "<group>"; };
		7CE9B4D52874917F00659D24 /* Utils.cpp */ = {isa = PBXFileReference; fileEncoding = 4; lastKnownFileType = sourcecode.cpp.cpp; path = Utils.cpp; sourceTree = "<group>"; };
		7CE9B4D62874917F00659D24 /* YGNodePrint.h */ = {isa = PBXFileReference; fileEncoding = 4; lastKnownFileType = sourcecode.c.h; path = YGNodePrint.h; sourceTree = "<group>"; };
		7CE9B4D72874917F00659D24 /* YGEnums.h */ = {isa = PBXFileReference; fileEncoding = 4; lastKnownFileType = sourcecode.c.h; path = YGEnums.h; sourceTree = "<group>"; };
		7CE9B4D82874917F00659D24 /* YGLayout.cpp */ = {isa = PBXFileReference; fileEncoding = 4; lastKnownFileType = sourcecode.cpp.cpp; path = YGLayout.cpp; sourceTree = "<group>"; };
		7CE9B4D92874917F00659D24 /* YGNode.h */ = {isa = PBXFileReference; fileEncoding = 4; lastKnownFileType = sourcecode.c.h; path = YGNode.h; sourceTree = "<group>"; };
		7CE9B4DA2874917F00659D24 /* YGMacros.h */ = {isa = PBXFileReference; fileEncoding = 4; lastKnownFileType = sourcecode.c.h; path = YGMacros.h; sourceTree = "<group>"; };
		7CE9B4DB2874917F00659D24 /* Yoga.cpp */ = {isa = PBXFileReference; fileEncoding = 4; lastKnownFileType = sourcecode.cpp.cpp; path = Yoga.cpp; sourceTree = "<group>"; };
		7CE9B4DC2874917F00659D24 /* YGStyle.cpp */ = {isa = PBXFileReference; fileEncoding = 4; lastKnownFileType = sourcecode.cpp.cpp; path = YGStyle.cpp; sourceTree = "<group>"; };
		7CE9B4DD2874917F00659D24 /* Yoga.h */ = {isa = PBXFileReference; fileEncoding = 4; lastKnownFileType = sourcecode.c.h; path = Yoga.h; sourceTree = "<group>"; };
		7CE9B4DF2874917F00659D24 /* experiments.cpp */ = {isa = PBXFileReference; fileEncoding = 4; lastKnownFileType = sourcecode.cpp.cpp; path = experiments.cpp; sourceTree = "<group>"; };
		7CE9B4E02874917F00659D24 /* experiments-inl.h */ = {isa = PBXFileReference; fileEncoding = 4; lastKnownFileType = sourcecode.c.h; path = "experiments-inl.h"; sourceTree = "<group>"; };
		7CE9B4E12874917F00659D24 /* experiments.h */ = {isa = PBXFileReference; fileEncoding = 4; lastKnownFileType = sourcecode.c.h; path = experiments.h; sourceTree = "<group>"; };
		7CE9B4E22874917F00659D24 /* YGNodePrint.cpp */ = {isa = PBXFileReference; fileEncoding = 4; lastKnownFileType = sourcecode.cpp.cpp; path = YGNodePrint.cpp; sourceTree = "<group>"; };
		7CE9B4E32874917F00659D24 /* YGStyle.h */ = {isa = PBXFileReference; fileEncoding = 4; lastKnownFileType = sourcecode.c.h; path = YGStyle.h; sourceTree = "<group>"; };
		7CE9B4E42874917F00659D24 /* YGEnums.cpp */ = {isa = PBXFileReference; fileEncoding = 4; lastKnownFileType = sourcecode.cpp.cpp; path = YGEnums.cpp; sourceTree = "<group>"; };
		7CE9B4E52874917F00659D24 /* log.h */ = {isa = PBXFileReference; fileEncoding = 4; lastKnownFileType = sourcecode.c.h; path = log.h; sourceTree = "<group>"; };
		7CE9B4E62874917F00659D24 /* YGValue.cpp */ = {isa = PBXFileReference; fileEncoding = 4; lastKnownFileType = sourcecode.cpp.cpp; path = YGValue.cpp; sourceTree = "<group>"; };
		7CE9B4E72874917F00659D24 /* BitUtils.h */ = {isa = PBXFileReference; fileEncoding = 4; lastKnownFileType = sourcecode.c.h; path = BitUtils.h; sourceTree = "<group>"; };
		7CE9B4E82874917F00659D24 /* YGConfig.h */ = {isa = PBXFileReference; fileEncoding = 4; lastKnownFileType = sourcecode.c.h; path = YGConfig.h; sourceTree = "<group>"; };
		7CE9B4E92874917F00659D24 /* YGConfig.cpp */ = {isa = PBXFileReference; fileEncoding = 4; lastKnownFileType = sourcecode.cpp.cpp; path = YGConfig.cpp; sourceTree = "<group>"; };
		7CE9B4EA2874917F00659D24 /* YGNode.cpp */ = {isa = PBXFileReference; fileEncoding = 4; lastKnownFileType = sourcecode.cpp.cpp; path = YGNode.cpp; sourceTree = "<group>"; };
		7CE9B4EB2874917F00659D24 /* YGValue.h */ = {isa = PBXFileReference; fileEncoding = 4; lastKnownFileType = sourcecode.c.h; path = YGValue.h; sourceTree = "<group>"; };
		7CE9B4ED2874917F00659D24 /* event.h */ = {isa = PBXFileReference; fileEncoding = 4; lastKnownFileType = sourcecode.c.h; path = event.h; sourceTree = "<group>"; };
		7CE9B4EE2874917F00659D24 /* event.cpp */ = {isa = PBXFileReference; fileEncoding = 4; lastKnownFileType = sourcecode.cpp.cpp; path = event.cpp; sourceTree = "<group>"; };
		7CE9B5E6287495F900659D24 /* UIStackView.cpp */ = {isa = PBXFileReference; lastKnownFileType = sourcecode.cpp.cpp; path = UIStackView.cpp; sourceTree = "<group>"; };
		7CE9B5E7287495F900659D24 /* UIStackView.hpp */ = {isa = PBXFileReference; lastKnownFileType = sourcecode.cpp.h; path = UIStackView.hpp; sourceTree = "<group>"; };
		7CE9B5E92874EA4000659D24 /* main2.cpp */ = {isa = PBXFileReference; lastKnownFileType = sourcecode.cpp.cpp; path = main2.cpp; sourceTree = "<group>"; };
/* End PBXFileReference section */

/* Begin PBXFrameworksBuildPhase section */
		7CA960662871F7A2009E0953 /* Frameworks */ = {
			isa = PBXFrameworksBuildPhase;
			buildActionMask = 2147483647;
			files = (
				7C78EBE8287386070082D3AC /* OpenGL.framework in Frameworks */,
			);
			runOnlyForDeploymentPostprocessing = 0;
		};
/* End PBXFrameworksBuildPhase section */

/* Begin PBXGroup section */
		7C0638F02876214000621093 /* FontManager */ = {
			isa = PBXGroup;
			children = (
				7C0638F22876215100621093 /* FontManager.hpp */,
				7C0638F12876215100621093 /* FontManager.cpp */,
			);
			path = FontManager;
			sourceTree = "<group>";
		};
		7C44163928777D8D0076663D /* UIResponder */ = {
			isa = PBXGroup;
			children = (
				7C44163B28777D9B0076663D /* UIResponder.hpp */,
				7C44163A28777D9B0076663D /* UIResponder.cpp */,
			);
			path = UIResponder;
			sourceTree = "<group>";
		};
		7C53FE4728788A930091DEF9 /* UITouch */ = {
			isa = PBXGroup;
			children = (
				7C53FE4928788AA20091DEF9 /* UITouch.hpp */,
				7C53FE4828788AA20091DEF9 /* UITouch.cpp */,
			);
			path = UITouch;
			sourceTree = "<group>";
		};
		7C53FE4B28788D820091DEF9 /* UIGestureRecognizer */ = {
			isa = PBXGroup;
			children = (
				7C53FE4D28788D8E0091DEF9 /* UIGestureRecognizer.hpp */,
				7C53FE4C28788D8E0091DEF9 /* UIGestureRecognizer.cpp */,
			);
			path = UIGestureRecognizer;
			sourceTree = "<group>";
		};
		7C53FE4F2878EA180091DEF9 /* UIEvent */ = {
			isa = PBXGroup;
			children = (
				7C53FE512878EA220091DEF9 /* UIEvent.hpp */,
				7C53FE502878EA220091DEF9 /* UIEvent.cpp */,
			);
			path = UIEvent;
			sourceTree = "<group>";
		};
		7C53FE532878ED270091DEF9 /* UIViewController */ = {
			isa = PBXGroup;
			children = (
				7C53FE552878ED350091DEF9 /* UIViewController.hpp */,
				7C53FE542878ED350091DEF9 /* UIViewController.cpp */,
			);
			path = UIViewController;
			sourceTree = "<group>";
		};
		7C53FE582878F4DB0091DEF9 /* UIWindow */ = {
			isa = PBXGroup;
			children = (
				7C53FE5A2878F4E60091DEF9 /* UIWindow.hpp */,
				7C53FE592878F4E60091DEF9 /* UIWindow.cpp */,
			);
			path = UIWindow;
			sourceTree = "<group>";
		};
		7C78EBCB2873743C0082D3AC /* Driver */ = {
			isa = PBXGroup;
			children = (
				7CA960752871F874009E0953 /* Video */,
			);
			path = Driver;
			sourceTree = "<group>";
		};
		7C78EBCC2873748B0082D3AC /* UIBlurView */ = {
			isa = PBXGroup;
			children = (
				7C78EBCD2873748B0082D3AC /* UIBlurView.hpp */,
				7C78EBCE2873748B0082D3AC /* UIBlurView.cpp */,
			);
			path = UIBlurView;
			sourceTree = "<group>";
		};
		7C78EBCF2873748B0082D3AC /* UIColor */ = {
			isa = PBXGroup;
			children = (
				7C78EBD02873748B0082D3AC /* UIColor.hpp */,
				7C78EBD12873748B0082D3AC /* UIColor.cpp */,
			);
			path = UIColor;
			sourceTree = "<group>";
		};
		7C78EBD22873748B0082D3AC /* UIView */ = {
			isa = PBXGroup;
			children = (
				7C78EBD42873748B0082D3AC /* UIView.hpp */,
				7C78EBD32873748B0082D3AC /* UIView.cpp */,
			);
			path = UIView;
			sourceTree = "<group>";
		};
		7C78EBD52873748B0082D3AC /* Geometry */ = {
			isa = PBXGroup;
			children = (
				7C78EBD62873748B0082D3AC /* Geometry.hpp */,
			);
			path = Geometry;
			sourceTree = "<group>";
		};
		7C78EBD72873748B0082D3AC /* UILabel */ = {
			isa = PBXGroup;
			children = (
				7C78EBD92873748B0082D3AC /* UILabel.hpp */,
				7C78EBD82873748B0082D3AC /* UILabel.cpp */,
				7C0638FA2876C01900621093 /* Label.hpp */,
				7C0638F92876C01900621093 /* Label.cpp */,
			);
			path = UILabel;
			sourceTree = "<group>";
		};
		7C78EBDA2873748B0082D3AC /* Utils */ = {
			isa = PBXGroup;
			children = (
				7C0638F02876214000621093 /* FontManager */,
				7C78EBDB2873748B0082D3AC /* GaussianBlur */,
			);
			path = Utils;
			sourceTree = "<group>";
		};
		7C78EBDB2873748B0082D3AC /* GaussianBlur */ = {
			isa = PBXGroup;
			children = (
				7C78EBDC2873748B0082D3AC /* GaussianBlur.hpp */,
				7C78EBDD2873748B0082D3AC /* GaussianBlur.cpp */,
			);
			path = GaussianBlur;
			sourceTree = "<group>";
		};
		7C78EBE6287386070082D3AC /* Frameworks */ = {
			isa = PBXGroup;
			children = (
				7C78EBE7287386070082D3AC /* OpenGL.framework */,
			);
			name = Frameworks;
			sourceTree = "<group>";
		};
		7CA960602871F7A2009E0953 = {
			isa = PBXGroup;
			children = (
				7CA9606B2871F7A2009E0953 /* NXKit */,
				7CA9606A2871F7A2009E0953 /* Products */,
				7C78EBE6287386070082D3AC /* Frameworks */,
			);
			sourceTree = "<group>";
		};
		7CA9606A2871F7A2009E0953 /* Products */ = {
			isa = PBXGroup;
			children = (
				7CA960692871F7A2009E0953 /* NXKit */,
			);
			name = Products;
			sourceTree = "<group>";
		};
		7CA9606B2871F7A2009E0953 /* NXKit */ = {
			isa = PBXGroup;
			children = (
				7CA960C22871FCC2009E0953 /* NXKit.entitlements */,
				7CA9606C2871F7A2009E0953 /* main.cpp */,
				7CE9B5E92874EA4000659D24 /* main2.cpp */,
				7CA960732871F839009E0953 /* lib */,
			);
			path = NXKit;
			sourceTree = "<group>";
		};
		7CA960732871F839009E0953 /* lib */ = {
			isa = PBXGroup;
			children = (
				7CA9607A2871F8DA009E0953 /* extern */,
				7CA960742871F841009E0953 /* Core */,
				7C53FE572878F13D0091DEF9 /* NXKit.hpp */,
			);
			path = lib;
			sourceTree = "<group>";
		};
		7CA960742871F841009E0953 /* Core */ = {
			isa = PBXGroup;
			children = (
				7C53FE582878F4DB0091DEF9 /* UIWindow */,
				7CA960BE2871FABA009E0953 /* Application */,
				7C78EBCB2873743C0082D3AC /* Driver */,
				7C78EBD52873748B0082D3AC /* Geometry */,
				7C78EBCC2873748B0082D3AC /* UIBlurView */,
				7C78EBCF2873748B0082D3AC /* UIColor */,
				7C53FE4F2878EA180091DEF9 /* UIEvent */,
				7C53FE4B28788D820091DEF9 /* UIGestureRecognizer */,
				7C78EBD72873748B0082D3AC /* UILabel */,
				7C44163928777D8D0076663D /* UIResponder */,
				7CE9B5E5287495E400659D24 /* UIStackView */,
				7C53FE4728788A930091DEF9 /* UITouch */,
				7C78EBD22873748B0082D3AC /* UIView */,
				7C53FE532878ED270091DEF9 /* UIViewController */,
				7C78EBDA2873748B0082D3AC /* Utils */,
			);
			path = Core;
			sourceTree = "<group>";
		};
		7CA960752871F874009E0953 /* Video */ = {
			isa = PBXGroup;
			children = (
				7CA960782871F8BF009E0953 /* video.hpp */,
				7CA960772871F8BF009E0953 /* glfw_video.hpp */,
				7CA960762871F8BF009E0953 /* glfw_video.cpp */,
			);
			path = Video;
			sourceTree = "<group>";
		};
		7CA9607A2871F8DA009E0953 /* extern */ = {
			isa = PBXGroup;
			children = (
				7CA960932871F993009E0953 /* include */,
				7CA960852871F993009E0953 /* lib */,
			);
			path = extern;
			sourceTree = "<group>";
		};
		7CA960852871F993009E0953 /* lib */ = {
			isa = PBXGroup;
			children = (
				7CE9B17F2874917E00659D24 /* yoga */,
				7CA960862871F993009E0953 /* nanovg-gl */,
				7CA960892871F993009E0953 /* glad */,
			);
			path = lib;
			sourceTree = "<group>";
		};
		7CA960862871F993009E0953 /* nanovg-gl */ = {
			isa = PBXGroup;
			children = (
				7CA960872871F993009E0953 /* LICENSE.txt */,
				7CA960882871F993009E0953 /* nanovg.c */,
			);
			path = "nanovg-gl";
			sourceTree = "<group>";
		};
		7CA960892871F993009E0953 /* glad */ = {
			isa = PBXGroup;
			children = (
				7CA9608A2871F993009E0953 /* glad.c */,
			);
			path = glad;
			sourceTree = "<group>";
		};
		7CA960932871F993009E0953 /* include */ = {
			isa = PBXGroup;
			children = (
				7CA960B62871FA53009E0953 /* nanovg-gl */,
				7CA960942871F993009E0953 /* glad */,
			);
			path = include;
			sourceTree = "<group>";
		};
		7CA960942871F993009E0953 /* glad */ = {
			isa = PBXGroup;
			children = (
				7CA960952871F993009E0953 /* glad.h */,
			);
			path = glad;
			sourceTree = "<group>";
		};
		7CA960B62871FA53009E0953 /* nanovg-gl */ = {
			isa = PBXGroup;
			children = (
				7CA960B72871FA53009E0953 /* nanovg_gl.h */,
				7CA960B82871FA53009E0953 /* nanovg.h */,
				7CA960B92871FA53009E0953 /* stb_image.h */,
				7CA960BA2871FA53009E0953 /* stb_truetype.h */,
				7CA960BB2871FA53009E0953 /* fontstash.h */,
				7CA960BC2871FA53009E0953 /* nanovg_gl_utils.h */,
				7CA960BD2871FA53009E0953 /* LICENSE.txt */,
			);
			path = "nanovg-gl";
			sourceTree = "<group>";
		};
		7CA960BE2871FABA009E0953 /* Application */ = {
			isa = PBXGroup;
			children = (
				7CA960C02871FAC6009E0953 /* Application.hpp */,
				7CA960BF2871FAC6009E0953 /* Application.cpp */,
			);
			path = Application;
			sourceTree = "<group>";
		};
		7CE9B17F2874917E00659D24 /* yoga */ = {
			isa = PBXGroup;
			children = (
				7CE9B4CD2874917F00659D24 /* src */,
			);
			path = yoga;
			sourceTree = "<group>";
		};
		7CE9B4CD2874917F00659D24 /* src */ = {
			isa = PBXGroup;
			children = (
				7CE9B4CE2874917F00659D24 /* yoga */,
			);
			path = src;
			sourceTree = "<group>";
		};
		7CE9B4CE2874917F00659D24 /* yoga */ = {
			isa = PBXGroup;
			children = (
				7CE9B4D42874917F00659D24 /* log.cpp */,
				7CE9B4D52874917F00659D24 /* Utils.cpp */,
				7CE9B4E92874917F00659D24 /* YGConfig.cpp */,
				7CE9B4E42874917F00659D24 /* YGEnums.cpp */,
				7CE9B4D82874917F00659D24 /* YGLayout.cpp */,
				7CE9B4EA2874917F00659D24 /* YGNode.cpp */,
				7CE9B4E22874917F00659D24 /* YGNodePrint.cpp */,
				7CE9B4DC2874917F00659D24 /* YGStyle.cpp */,
				7CE9B4E62874917F00659D24 /* YGValue.cpp */,
				7CE9B4DB2874917F00659D24 /* Yoga.cpp */,
				7CE9B4E72874917F00659D24 /* BitUtils.h */,
				7CE9B4D12874917F00659D24 /* CompactValue.h */,
				7CE9B4E52874917F00659D24 /* log.h */,
				7CE9B4D02874917F00659D24 /* Utils.h */,
				7CE9B4E82874917F00659D24 /* YGConfig.h */,
				7CE9B4D72874917F00659D24 /* YGEnums.h */,
				7CE9B4CF2874917F00659D24 /* YGFloatOptional.h */,
				7CE9B4D32874917F00659D24 /* YGLayout.h */,
				7CE9B4DA2874917F00659D24 /* YGMacros.h */,
				7CE9B4D92874917F00659D24 /* YGNode.h */,
				7CE9B4D62874917F00659D24 /* YGNodePrint.h */,
				7CE9B4E32874917F00659D24 /* YGStyle.h */,
				7CE9B4EB2874917F00659D24 /* YGValue.h */,
				7CE9B4D22874917F00659D24 /* Yoga-internal.h */,
				7CE9B4DD2874917F00659D24 /* Yoga.h */,
				7CE9B4EC2874917F00659D24 /* event */,
				7CE9B4DE2874917F00659D24 /* internal */,
			);
			path = yoga;
			sourceTree = "<group>";
		};
		7CE9B4DE2874917F00659D24 /* internal */ = {
			isa = PBXGroup;
			children = (
				7CE9B4DF2874917F00659D24 /* experiments.cpp */,
				7CE9B4E02874917F00659D24 /* experiments-inl.h */,
				7CE9B4E12874917F00659D24 /* experiments.h */,
			);
			path = internal;
			sourceTree = "<group>";
		};
		7CE9B4EC2874917F00659D24 /* event */ = {
			isa = PBXGroup;
			children = (
				7CE9B4ED2874917F00659D24 /* event.h */,
				7CE9B4EE2874917F00659D24 /* event.cpp */,
			);
			path = event;
			sourceTree = "<group>";
		};
		7CE9B5E5287495E400659D24 /* UIStackView */ = {
			isa = PBXGroup;
			children = (
				7CE9B5E7287495F900659D24 /* UIStackView.hpp */,
				7CE9B5E6287495F900659D24 /* UIStackView.cpp */,
			);
			path = UIStackView;
			sourceTree = "<group>";
		};
/* End PBXGroup section */

/* Begin PBXNativeTarget section */
		7CA960682871F7A2009E0953 /* NXKit */ = {
			isa = PBXNativeTarget;
			buildConfigurationList = 7CA960702871F7A2009E0953 /* Build configuration list for PBXNativeTarget "NXKit" */;
			buildPhases = (
				7CA960652871F7A2009E0953 /* Sources */,
				7CA960662871F7A2009E0953 /* Frameworks */,
				7CA960672871F7A2009E0953 /* CopyFiles */,
			);
			buildRules = (
			);
			dependencies = (
			);
			name = NXKit;
			productName = NXKit;
			productReference = 7CA960692871F7A2009E0953 /* NXKit */;
			productType = "com.apple.product-type.tool";
		};
/* End PBXNativeTarget section */

/* Begin PBXProject section */
		7CA960612871F7A2009E0953 /* Project object */ = {
			isa = PBXProject;
			attributes = {
				BuildIndependentTargetsInParallel = 1;
				LastUpgradeCheck = 1400;
				TargetAttributes = {
					7CA960682871F7A2009E0953 = {
						CreatedOnToolsVersion = 14.0;
					};
				};
			};
			buildConfigurationList = 7CA960642871F7A2009E0953 /* Build configuration list for PBXProject "NXKit" */;
			compatibilityVersion = "Xcode 13.0";
			developmentRegion = en;
			hasScannedForEncodings = 0;
			knownRegions = (
				en,
				Base,
			);
			mainGroup = 7CA960602871F7A2009E0953;
			productRefGroup = 7CA9606A2871F7A2009E0953 /* Products */;
			projectDirPath = "";
			projectRoot = "";
			targets = (
				7CA960682871F7A2009E0953 /* NXKit */,
			);
		};
/* End PBXProject section */

/* Begin PBXSourcesBuildPhase section */
		7CA960652871F7A2009E0953 /* Sources */ = {
			isa = PBXSourcesBuildPhase;
			buildActionMask = 2147483647;
			files = (
				7CE9B5E32874917F00659D24 /* YGNode.cpp in Sources */,
				7CE9B5E02874917F00659D24 /* YGEnums.cpp in Sources */,
				7C0638F32876215100621093 /* FontManager.cpp in Sources */,
				7CE9B5D92874917F00659D24 /* log.cpp in Sources */,
				7CA960792871F8BF009E0953 /* glfw_video.cpp in Sources */,
				7C53FE4E28788D8E0091DEF9 /* UIGestureRecognizer.cpp in Sources */,
				7CA960C12871FAC6009E0953 /* Application.cpp in Sources */,
				7C0638FB2876C01900621093 /* Label.cpp in Sources */,
				7CE9B5DE2874917F00659D24 /* experiments.cpp in Sources */,
				7C78EBDE2873748B0082D3AC /* UIBlurView.cpp in Sources */,
				7C78EBE02873748B0082D3AC /* UIView.cpp in Sources */,
				7C0638F42876233200621093 /* main2.cpp in Sources */,
				7CE9B5E42874917F00659D24 /* event.cpp in Sources */,
				7CE9B5E22874917F00659D24 /* YGConfig.cpp in Sources */,
				7C53FE522878EA220091DEF9 /* UIEvent.cpp in Sources */,
				7C78EBE12873748B0082D3AC /* UILabel.cpp in Sources */,
				7C53FE5B2878F4E60091DEF9 /* UIWindow.cpp in Sources */,
				7C53FE4A28788AA20091DEF9 /* UITouch.cpp in Sources */,
				7C78EBDF2873748B0082D3AC /* UIColor.cpp in Sources */,
				7C53FE562878ED350091DEF9 /* UIViewController.cpp in Sources */,
				7CE9B5E8287495F900659D24 /* UIStackView.cpp in Sources */,
				7CE9B5DB2874917F00659D24 /* YGLayout.cpp in Sources */,
				7CE9B5DF2874917F00659D24 /* YGNodePrint.cpp in Sources */,
				7CE9B5DD2874917F00659D24 /* YGStyle.cpp in Sources */,
				7CA960B12871F993009E0953 /* nanovg.c in Sources */,
				7CA960B22871F993009E0953 /* glad.c in Sources */,
				7C78EBE22873748B0082D3AC /* GaussianBlur.cpp in Sources */,
				7C44163C28777D9B0076663D /* UIResponder.cpp in Sources */,
				7CE9B5DC2874917F00659D24 /* Yoga.cpp in Sources */,
				7CE9B5DA2874917F00659D24 /* Utils.cpp in Sources */,
				7CE9B5E12874917F00659D24 /* YGValue.cpp in Sources */,
			);
			runOnlyForDeploymentPostprocessing = 0;
		};
/* End PBXSourcesBuildPhase section */

/* Begin XCBuildConfiguration section */
		7CA9606E2871F7A2009E0953 /* Debug */ = {
			isa = XCBuildConfiguration;
			buildSettings = {
				ALWAYS_SEARCH_USER_PATHS = NO;
				CLANG_ANALYZER_NONNULL = YES;
				CLANG_ANALYZER_NUMBER_OBJECT_CONVERSION = YES_AGGRESSIVE;
				CLANG_CXX_LANGUAGE_STANDARD = "gnu++17";
				CLANG_ENABLE_MODULES = YES;
				CLANG_ENABLE_OBJC_ARC = YES;
				CLANG_ENABLE_OBJC_WEAK = YES;
				CLANG_WARN_BLOCK_CAPTURE_AUTORELEASING = YES;
				CLANG_WARN_BOOL_CONVERSION = YES;
				CLANG_WARN_COMMA = YES;
				CLANG_WARN_CONSTANT_CONVERSION = YES;
				CLANG_WARN_DEPRECATED_OBJC_IMPLEMENTATIONS = YES;
				CLANG_WARN_DIRECT_OBJC_ISA_USAGE = YES_ERROR;
				CLANG_WARN_DOCUMENTATION_COMMENTS = YES;
				CLANG_WARN_EMPTY_BODY = YES;
				CLANG_WARN_ENUM_CONVERSION = YES;
				CLANG_WARN_INFINITE_RECURSION = YES;
				CLANG_WARN_INT_CONVERSION = YES;
				CLANG_WARN_NON_LITERAL_NULL_CONVERSION = YES;
				CLANG_WARN_OBJC_IMPLICIT_RETAIN_SELF = YES;
				CLANG_WARN_OBJC_LITERAL_CONVERSION = YES;
				CLANG_WARN_OBJC_ROOT_CLASS = YES_ERROR;
				CLANG_WARN_QUOTED_INCLUDE_IN_FRAMEWORK_HEADER = YES;
				CLANG_WARN_RANGE_LOOP_ANALYSIS = YES;
				CLANG_WARN_STRICT_PROTOTYPES = YES;
				CLANG_WARN_SUSPICIOUS_MOVE = YES;
				CLANG_WARN_UNGUARDED_AVAILABILITY = YES_AGGRESSIVE;
				CLANG_WARN_UNREACHABLE_CODE = YES;
				CLANG_WARN__DUPLICATE_METHOD_MATCH = YES;
				COPY_PHASE_STRIP = NO;
				DEBUG_INFORMATION_FORMAT = dwarf;
				ENABLE_STRICT_OBJC_MSGSEND = YES;
				ENABLE_TESTABILITY = YES;
				GCC_C_LANGUAGE_STANDARD = gnu11;
				GCC_DYNAMIC_NO_PIC = NO;
				GCC_NO_COMMON_BLOCKS = YES;
				GCC_OPTIMIZATION_LEVEL = 0;
				GCC_PREPROCESSOR_DEFINITIONS = YG_ENABLE_EVENTS;
				GCC_WARN_64_TO_32_BIT_CONVERSION = YES;
				GCC_WARN_ABOUT_RETURN_TYPE = YES_ERROR;
				GCC_WARN_UNDECLARED_SELECTOR = YES;
				GCC_WARN_UNINITIALIZED_AUTOS = YES_AGGRESSIVE;
				GCC_WARN_UNUSED_FUNCTION = YES;
				GCC_WARN_UNUSED_VARIABLE = YES;
				HEADER_SEARCH_PATHS = (
					/opt/homebrew/include,
					NXKit/lib/extern/include,
					"NXKit/lib/extern/include/nanovg-gl",
					NXKit/lib/extern/lib/yoga/src,
				);
				LIBRARY_SEARCH_PATHS = /opt/homebrew/lib;
				MACOSX_DEPLOYMENT_TARGET = 12.4;
				MTL_ENABLE_DEBUG_INFO = INCLUDE_SOURCE;
				MTL_FAST_MATH = YES;
				ONLY_ACTIVE_ARCH = YES;
				OTHER_LDFLAGS = "-lglfw";
				SDKROOT = macosx;
			};
			name = Debug;
		};
		7CA9606F2871F7A2009E0953 /* Release */ = {
			isa = XCBuildConfiguration;
			buildSettings = {
				ALWAYS_SEARCH_USER_PATHS = NO;
				CLANG_ANALYZER_NONNULL = YES;
				CLANG_ANALYZER_NUMBER_OBJECT_CONVERSION = YES_AGGRESSIVE;
				CLANG_CXX_LANGUAGE_STANDARD = "gnu++17";
				CLANG_ENABLE_MODULES = YES;
				CLANG_ENABLE_OBJC_ARC = YES;
				CLANG_ENABLE_OBJC_WEAK = YES;
				CLANG_WARN_BLOCK_CAPTURE_AUTORELEASING = YES;
				CLANG_WARN_BOOL_CONVERSION = YES;
				CLANG_WARN_COMMA = YES;
				CLANG_WARN_CONSTANT_CONVERSION = YES;
				CLANG_WARN_DEPRECATED_OBJC_IMPLEMENTATIONS = YES;
				CLANG_WARN_DIRECT_OBJC_ISA_USAGE = YES_ERROR;
				CLANG_WARN_DOCUMENTATION_COMMENTS = YES;
				CLANG_WARN_EMPTY_BODY = YES;
				CLANG_WARN_ENUM_CONVERSION = YES;
				CLANG_WARN_INFINITE_RECURSION = YES;
				CLANG_WARN_INT_CONVERSION = YES;
				CLANG_WARN_NON_LITERAL_NULL_CONVERSION = YES;
				CLANG_WARN_OBJC_IMPLICIT_RETAIN_SELF = YES;
				CLANG_WARN_OBJC_LITERAL_CONVERSION = YES;
				CLANG_WARN_OBJC_ROOT_CLASS = YES_ERROR;
				CLANG_WARN_QUOTED_INCLUDE_IN_FRAMEWORK_HEADER = YES;
				CLANG_WARN_RANGE_LOOP_ANALYSIS = YES;
				CLANG_WARN_STRICT_PROTOTYPES = YES;
				CLANG_WARN_SUSPICIOUS_MOVE = YES;
				CLANG_WARN_UNGUARDED_AVAILABILITY = YES_AGGRESSIVE;
				CLANG_WARN_UNREACHABLE_CODE = YES;
				CLANG_WARN__DUPLICATE_METHOD_MATCH = YES;
				COPY_PHASE_STRIP = NO;
				DEBUG_INFORMATION_FORMAT = "dwarf-with-dsym";
				ENABLE_NS_ASSERTIONS = NO;
				ENABLE_STRICT_OBJC_MSGSEND = YES;
				GCC_C_LANGUAGE_STANDARD = gnu11;
				GCC_NO_COMMON_BLOCKS = YES;
				GCC_PREPROCESSOR_DEFINITIONS = YG_ENABLE_EVENTS;
				GCC_WARN_64_TO_32_BIT_CONVERSION = YES;
				GCC_WARN_ABOUT_RETURN_TYPE = YES_ERROR;
				GCC_WARN_UNDECLARED_SELECTOR = YES;
				GCC_WARN_UNINITIALIZED_AUTOS = YES_AGGRESSIVE;
				GCC_WARN_UNUSED_FUNCTION = YES;
				GCC_WARN_UNUSED_VARIABLE = YES;
				HEADER_SEARCH_PATHS = (
					/opt/homebrew/include,
					NXKit/lib/extern/include,
					"NXKit/lib/extern/include/nanovg-gl",
					NXKit/lib/extern/lib/yoga/src,
				);
				LIBRARY_SEARCH_PATHS = /opt/homebrew/lib;
				MACOSX_DEPLOYMENT_TARGET = 12.4;
				MTL_ENABLE_DEBUG_INFO = NO;
				MTL_FAST_MATH = YES;
				OTHER_LDFLAGS = "-lglfw";
				SDKROOT = macosx;
			};
			name = Release;
		};
		7CA960712871F7A2009E0953 /* Debug */ = {
			isa = XCBuildConfiguration;
			buildSettings = {
				CODE_SIGN_ENTITLEMENTS = NXKit/NXKit.entitlements;
				CODE_SIGN_STYLE = Automatic;
				DEVELOPMENT_TEAM = D59DHVRS87;
				ENABLE_HARDENED_RUNTIME = YES;
				MACOSX_DEPLOYMENT_TARGET = 12.3;
				PRODUCT_NAME = "$(TARGET_NAME)";
			};
			name = Debug;
		};
		7CA960722871F7A2009E0953 /* Release */ = {
			isa = XCBuildConfiguration;
			buildSettings = {
				CODE_SIGN_ENTITLEMENTS = NXKit/NXKit.entitlements;
				CODE_SIGN_STYLE = Automatic;
				DEVELOPMENT_TEAM = D59DHVRS87;
				ENABLE_HARDENED_RUNTIME = YES;
				MACOSX_DEPLOYMENT_TARGET = 12.3;
				PRODUCT_NAME = "$(TARGET_NAME)";
			};
			name = Release;
		};
/* End XCBuildConfiguration section */

/* Begin XCConfigurationList section */
		7CA960642871F7A2009E0953 /* Build configuration list for PBXProject "NXKit" */ = {
			isa = XCConfigurationList;
			buildConfigurations = (
				7CA9606E2871F7A2009E0953 /* Debug */,
				7CA9606F2871F7A2009E0953 /* Release */,
			);
			defaultConfigurationIsVisible = 0;
			defaultConfigurationName = Release;
		};
		7CA960702871F7A2009E0953 /* Build configuration list for PBXNativeTarget "NXKit" */ = {
			isa = XCConfigurationList;
			buildConfigurations = (
				7CA960712871F7A2009E0953 /* Debug */,
				7CA960722871F7A2009E0953 /* Release */,
			);
			defaultConfigurationIsVisible = 0;
			defaultConfigurationName = Release;
		};
/* End XCConfigurationList section */
	};
	rootObject = 7CA960612871F7A2009E0953 /* Project object */;
}
